// !$*UTF8*$!
{
	archiveVersion = 1;
	classes = {
	};
	objectVersion = 52;
	objects = {

/* Begin PBXBuildFile section */
		4D042AE3258D94DA007E0789 /* PlacesCoordinator.swift in Sources */ = {isa = PBXBuildFile; fileRef = 4D042AE2258D94DA007E0789 /* PlacesCoordinator.swift */; };
		4D042AEB258D99A8007E0789 /* Place.swift in Sources */ = {isa = PBXBuildFile; fileRef = 4D042AEA258D99A8007E0789 /* Place.swift */; };
		4D042AF7258D9D9A007E0789 /* PlaceServices.swift in Sources */ = {isa = PBXBuildFile; fileRef = 4D042AF6258D9D9A007E0789 /* PlaceServices.swift */; };
		4D042B07258DA18A007E0789 /* URLSession+Rx.swift in Sources */ = {isa = PBXBuildFile; fileRef = 4D042B06258DA18A007E0789 /* URLSession+Rx.swift */; };
		4D078638258869550042636F /* UINavigationController+Rx.swift in Sources */ = {isa = PBXBuildFile; fileRef = 4D078637258869550042636F /* UINavigationController+Rx.swift */; };
		4D07864325886BE20042636F /* AlertActionViewModel.swift in Sources */ = {isa = PBXBuildFile; fileRef = 4D07864225886BE20042636F /* AlertActionViewModel.swift */; };
		4D07864E258878760042636F /* RequestAddressViewModelTests.swift in Sources */ = {isa = PBXBuildFile; fileRef = 4D07864D258878760042636F /* RequestAddressViewModelTests.swift */; };
		4D14727A2585B0340006C3CE /* SwiftyJSON in Frameworks */ = {isa = PBXBuildFile; productRef = 4D1472792585B0340006C3CE /* SwiftyJSON */; };
		4D18688C2594282000E02A1E /* MapsActionSheetCoordinator.swift in Sources */ = {isa = PBXBuildFile; fileRef = 4D18688B2594282000E02A1E /* MapsActionSheetCoordinator.swift */; };
		4D1868902594297800E02A1E /* MapsActionSheetViewModel.swift in Sources */ = {isa = PBXBuildFile; fileRef = 4D18688F2594297800E02A1E /* MapsActionSheetViewModel.swift */; };
		4D18689825943A2400E02A1E /* MapsActionSheetCoordinatorTests.swift in Sources */ = {isa = PBXBuildFile; fileRef = 4D18689725943A2400E02A1E /* MapsActionSheetCoordinatorTests.swift */; };
		4D18689F25943C6700E02A1E /* MapsActionSheetViewModelTests.swift in Sources */ = {isa = PBXBuildFile; fileRef = 4D18689E25943C6700E02A1E /* MapsActionSheetViewModelTests.swift */; };
		4D2784C02588802B00B6A79A /* Quick in Frameworks */ = {isa = PBXBuildFile; productRef = 4D2784BF2588802B00B6A79A /* Quick */; };
		4D2784C62588803A00B6A79A /* Nimble in Frameworks */ = {isa = PBXBuildFile; productRef = 4D2784C52588803A00B6A79A /* Nimble */; };
		4D30043D2585C61B00782708 /* RequestAddressCoordinator.swift in Sources */ = {isa = PBXBuildFile; fileRef = 4D30043C2585C61B00782708 /* RequestAddressCoordinator.swift */; };
		4D3004462585C7EE00782708 /* RequestAddressViewController.swift in Sources */ = {isa = PBXBuildFile; fileRef = 4D3004442585C7EE00782708 /* RequestAddressViewController.swift */; };
		4D3004472585C7EE00782708 /* RequestAddressViewController.xib in Resources */ = {isa = PBXBuildFile; fileRef = 4D3004452585C7EE00782708 /* RequestAddressViewController.xib */; };
		4D30044C2585C81B00782708 /* RequestAddressViewModel.swift in Sources */ = {isa = PBXBuildFile; fileRef = 4D30044B2585C81B00782708 /* RequestAddressViewModel.swift */; };
		4D5635BD2590C98B0094C5A7 /* NetworkingError.swift in Sources */ = {isa = PBXBuildFile; fileRef = 4D5635BC2590C98B0094C5A7 /* NetworkingError.swift */; };
		4D5635C22590C9B10094C5A7 /* Endpoint.swift in Sources */ = {isa = PBXBuildFile; fileRef = 4D5635C12590C9B10094C5A7 /* Endpoint.swift */; };
		4D5635C82590CA140094C5A7 /* Reachability.swift in Sources */ = {isa = PBXBuildFile; fileRef = 4D5635C72590CA140094C5A7 /* Reachability.swift */; };
		4D5635CC2590CCD60094C5A7 /* APIClient.swift in Sources */ = {isa = PBXBuildFile; fileRef = 4D5635CB2590CCD60094C5A7 /* APIClient.swift */; };
		4D5635D82590D2CC0094C5A7 /* APIRequest.swift in Sources */ = {isa = PBXBuildFile; fileRef = 4D5635D72590D2CC0094C5A7 /* APIRequest.swift */; };
		4D57B1662592CB34008B09F3 /* UISegmentedControl+Extension.swift in Sources */ = {isa = PBXBuildFile; fileRef = 4D57B1652592CB34008B09F3 /* UISegmentedControl+Extension.swift */; };
		4D57B16B2592DA4E008B09F3 /* MeasurementFormatter+Extension.swift in Sources */ = {isa = PBXBuildFile; fileRef = 4D57B16A2592DA4E008B09F3 /* MeasurementFormatter+Extension.swift */; };
		4D57B1752592FF10008B09F3 /* PlacesCoordinatorTests.swift in Sources */ = {isa = PBXBuildFile; fileRef = 4D57B1742592FF10008B09F3 /* PlacesCoordinatorTests.swift */; };
		4D57B17C25930620008B09F3 /* PlacesViewModelTests.swift in Sources */ = {isa = PBXBuildFile; fileRef = 4D57B17B25930620008B09F3 /* PlacesViewModelTests.swift */; };
		4D57B18E259374AB008B09F3 /* PlaceServicesStub.swift in Sources */ = {isa = PBXBuildFile; fileRef = 4D57B18D259374AB008B09F3 /* PlaceServicesStub.swift */; };
		4D5D20AB2585928B00A0A453 /* AppDelegate.swift in Sources */ = {isa = PBXBuildFile; fileRef = 4D5D20AA2585928B00A0A453 /* AppDelegate.swift */; };
		4D5D20AD2585928B00A0A453 /* SceneDelegate.swift in Sources */ = {isa = PBXBuildFile; fileRef = 4D5D20AC2585928B00A0A453 /* SceneDelegate.swift */; };
		4D5D20B42585928C00A0A453 /* Assets.xcassets in Resources */ = {isa = PBXBuildFile; fileRef = 4D5D20B32585928C00A0A453 /* Assets.xcassets */; };
		4D5D20B72585928C00A0A453 /* LaunchScreen.storyboard in Resources */ = {isa = PBXBuildFile; fileRef = 4D5D20B52585928C00A0A453 /* LaunchScreen.storyboard */; };
		4D5D20CD2585928D00A0A453 /* NearbyUITests.swift in Sources */ = {isa = PBXBuildFile; fileRef = 4D5D20CC2585928D00A0A453 /* NearbyUITests.swift */; };
		4D5D20F225859FAD00A0A453 /* BaseCoordinator.swift in Sources */ = {isa = PBXBuildFile; fileRef = 4D5D20F125859FAD00A0A453 /* BaseCoordinator.swift */; };
		4D5D20F82585A03600A0A453 /* AppCoordinator.swift in Sources */ = {isa = PBXBuildFile; fileRef = 4D5D20F72585A03600A0A453 /* AppCoordinator.swift */; };
		4D5FDE30259410F500DD4282 /* PlaceCellViewModelTests.swift in Sources */ = {isa = PBXBuildFile; fileRef = 4D5FDE2825940D9A00DD4282 /* PlaceCellViewModelTests.swift */; };
		4D658B91258A4AFA00E0CCD2 /* LocationManagerStub.swift in Sources */ = {isa = PBXBuildFile; fileRef = 4D658B90258A4AFA00E0CCD2 /* LocationManagerStub.swift */; };
		4D85A5DD259213D200587472 /* PlacesViewModel.swift in Sources */ = {isa = PBXBuildFile; fileRef = 4D85A5DC259213D200587472 /* PlacesViewModel.swift */; };
		4D85A5E225922DFA00587472 /* PlaceCellViewModel.swift in Sources */ = {isa = PBXBuildFile; fileRef = 4D85A5E125922DFA00587472 /* PlaceCellViewModel.swift */; };
		4D85A5EE2592480600587472 /* PlacesViewController.swift in Sources */ = {isa = PBXBuildFile; fileRef = 4D85A5EC2592480600587472 /* PlacesViewController.swift */; };
		4D85A5EF2592480600587472 /* PlacesViewController.xib in Resources */ = {isa = PBXBuildFile; fileRef = 4D85A5ED2592480600587472 /* PlacesViewController.xib */; };
		4D85A5FB25924A2F00587472 /* UIViewController+Rx.swift in Sources */ = {isa = PBXBuildFile; fileRef = 4D85A5FA25924A2F00587472 /* UIViewController+Rx.swift */; };
		4D99E50B258B8ED500D632E0 /* RequestAddressCoordinatorTests.swift in Sources */ = {isa = PBXBuildFile; fileRef = 4D99E50A258B8ED500D632E0 /* RequestAddressCoordinatorTests.swift */; };
		4D99E516258B911400D632E0 /* UIViewControllerType.swift in Sources */ = {isa = PBXBuildFile; fileRef = 4D99E515258B911400D632E0 /* UIViewControllerType.swift */; };
		4D99E51A258B918200D632E0 /* UIViewControllerStub.swift in Sources */ = {isa = PBXBuildFile; fileRef = 4D99E519258B918200D632E0 /* UIViewControllerStub.swift */; };
		4D99E51F258B927800D632E0 /* UINavigationControllerType.swift in Sources */ = {isa = PBXBuildFile; fileRef = 4D99E51E258B927800D632E0 /* UINavigationControllerType.swift */; };
		4D99E523258B92F800D632E0 /* UINavigationControllerStub.swift in Sources */ = {isa = PBXBuildFile; fileRef = 4D99E522258B92F800D632E0 /* UINavigationControllerStub.swift */; };
		4DA2DFA92588649600522ED6 /* AlertViewModel.swift in Sources */ = {isa = PBXBuildFile; fileRef = 4DA2DFA82588649600522ED6 /* AlertViewModel.swift */; };
		4DC3AA282592B2670094A320 /* PlaceTableViewCell.swift in Sources */ = {isa = PBXBuildFile; fileRef = 4DC3AA252592B2670094A320 /* PlaceTableViewCell.swift */; };
		4DC3AA292592B2670094A320 /* PlaceTableViewCell.xib in Resources */ = {isa = PBXBuildFile; fileRef = 4DC3AA262592B2670094A320 /* PlaceTableViewCell.xib */; };
		4DC6E45A258A424C003253B1 /* LocationManagerType.swift in Sources */ = {isa = PBXBuildFile; fileRef = 4DC6E459258A424C003253B1 /* LocationManagerType.swift */; };
		4DC6E465258A45A6003253B1 /* Coordinate.swift in Sources */ = {isa = PBXBuildFile; fileRef = 4DC6E464258A45A6003253B1 /* Coordinate.swift */; };
		4DC6E469258A46B9003253B1 /* AuthorizationStatus.swift in Sources */ = {isa = PBXBuildFile; fileRef = 4DC6E468258A46B9003253B1 /* AuthorizationStatus.swift */; };
		4DE8771A25870A2300A52B08 /* UIViewController+Extension.swift in Sources */ = {isa = PBXBuildFile; fileRef = 4DE8771925870A2300A52B08 /* UIViewController+Extension.swift */; };
		4DE8772725870C7100A52B08 /* ActivityIndicatorViewController.swift in Sources */ = {isa = PBXBuildFile; fileRef = 4DE8772625870C7100A52B08 /* ActivityIndicatorViewController.swift */; };
		4DE877332587130900A52B08 /* Localizable.strings in Resources */ = {isa = PBXBuildFile; fileRef = 4DE877312587130900A52B08 /* Localizable.strings */; };
		4DE877412587162E00A52B08 /* String+Extension.swift in Sources */ = {isa = PBXBuildFile; fileRef = 4DE877402587162E00A52B08 /* String+Extension.swift */; };
		4DE8775A258799F800A52B08 /* CLLocationManagerDelegateEvents+Rx.swift in Sources */ = {isa = PBXBuildFile; fileRef = 4DE87753258799F700A52B08 /* CLLocationManagerDelegateEvents+Rx.swift */; };
		4DE8775B258799F800A52B08 /* RxCLLocationManagerDelegateProxy.swift in Sources */ = {isa = PBXBuildFile; fileRef = 4DE87754258799F700A52B08 /* RxCLLocationManagerDelegateProxy.swift */; };
		4DE8775C258799F800A52B08 /* RxEventTypealias.swift in Sources */ = {isa = PBXBuildFile; fileRef = 4DE87755258799F700A52B08 /* RxEventTypealias.swift */; };
		4DE8775D258799F800A52B08 /* RxSelectors.swift in Sources */ = {isa = PBXBuildFile; fileRef = 4DE87756258799F700A52B08 /* RxSelectors.swift */; };
		4DE8775E258799F800A52B08 /* CLLocationManagerEvents+Rx.swift in Sources */ = {isa = PBXBuildFile; fileRef = 4DE87757258799F700A52B08 /* CLLocationManagerEvents+Rx.swift */; };
		4DE8775F258799F800A52B08 /* Helpers.swift in Sources */ = {isa = PBXBuildFile; fileRef = 4DE87758258799F800A52B08 /* Helpers.swift */; };
		4DE87760258799F800A52B08 /* RxKeyPaths.swift in Sources */ = {isa = PBXBuildFile; fileRef = 4DE87759258799F800A52B08 /* RxKeyPaths.swift */; };
		4DEAF55825897D3B0069B991 /* RxSwift in Frameworks */ = {isa = PBXBuildFile; productRef = 4DEAF55725897D3B0069B991 /* RxSwift */; };
		4DEAF55C25897D3B0069B991 /* RxRelay in Frameworks */ = {isa = PBXBuildFile; productRef = 4DEAF55B25897D3B0069B991 /* RxRelay */; };
		4DEAF55E25897D3B0069B991 /* RxCocoa in Frameworks */ = {isa = PBXBuildFile; productRef = 4DEAF55D25897D3B0069B991 /* RxCocoa */; };
/* End PBXBuildFile section */

/* Begin PBXContainerItemProxy section */
		4D5D20BE2585928D00A0A453 /* PBXContainerItemProxy */ = {
			isa = PBXContainerItemProxy;
			containerPortal = 4D5D209F2585928B00A0A453 /* Project object */;
			proxyType = 1;
			remoteGlobalIDString = 4D5D20A62585928B00A0A453;
			remoteInfo = Nearby;
		};
		4D5D20C92585928D00A0A453 /* PBXContainerItemProxy */ = {
			isa = PBXContainerItemProxy;
			containerPortal = 4D5D209F2585928B00A0A453 /* Project object */;
			proxyType = 1;
			remoteGlobalIDString = 4D5D20A62585928B00A0A453;
			remoteInfo = Nearby;
		};
/* End PBXContainerItemProxy section */

/* Begin PBXCopyFilesBuildPhase section */
		4D2784DB258880DE00B6A79A /* Embed Frameworks */ = {
			isa = PBXCopyFilesBuildPhase;
			buildActionMask = 2147483647;
			dstPath = "";
			dstSubfolderSpec = 10;
			files = (
			);
			name = "Embed Frameworks";
			runOnlyForDeploymentPostprocessing = 0;
		};
/* End PBXCopyFilesBuildPhase section */

/* Begin PBXFileReference section */
		4D042AE2258D94DA007E0789 /* PlacesCoordinator.swift */ = {isa = PBXFileReference; lastKnownFileType = sourcecode.swift; path = PlacesCoordinator.swift; sourceTree = "<group>"; };
		4D042AEA258D99A8007E0789 /* Place.swift */ = {isa = PBXFileReference; lastKnownFileType = sourcecode.swift; path = Place.swift; sourceTree = "<group>"; };
		4D042AF6258D9D9A007E0789 /* PlaceServices.swift */ = {isa = PBXFileReference; lastKnownFileType = sourcecode.swift; path = PlaceServices.swift; sourceTree = "<group>"; };
		4D042B06258DA18A007E0789 /* URLSession+Rx.swift */ = {isa = PBXFileReference; lastKnownFileType = sourcecode.swift; path = "URLSession+Rx.swift"; sourceTree = "<group>"; };
		4D078637258869550042636F /* UINavigationController+Rx.swift */ = {isa = PBXFileReference; lastKnownFileType = sourcecode.swift; path = "UINavigationController+Rx.swift"; sourceTree = "<group>"; };
		4D07864225886BE20042636F /* AlertActionViewModel.swift */ = {isa = PBXFileReference; lastKnownFileType = sourcecode.swift; path = AlertActionViewModel.swift; sourceTree = "<group>"; };
		4D07864D258878760042636F /* RequestAddressViewModelTests.swift */ = {isa = PBXFileReference; lastKnownFileType = sourcecode.swift; path = RequestAddressViewModelTests.swift; sourceTree = "<group>"; };
		4D18688B2594282000E02A1E /* MapsActionSheetCoordinator.swift */ = {isa = PBXFileReference; lastKnownFileType = sourcecode.swift; path = MapsActionSheetCoordinator.swift; sourceTree = "<group>"; };
		4D18688F2594297800E02A1E /* MapsActionSheetViewModel.swift */ = {isa = PBXFileReference; lastKnownFileType = sourcecode.swift; path = MapsActionSheetViewModel.swift; sourceTree = "<group>"; };
		4D18689725943A2400E02A1E /* MapsActionSheetCoordinatorTests.swift */ = {isa = PBXFileReference; lastKnownFileType = sourcecode.swift; path = MapsActionSheetCoordinatorTests.swift; sourceTree = "<group>"; };
		4D18689E25943C6700E02A1E /* MapsActionSheetViewModelTests.swift */ = {isa = PBXFileReference; lastKnownFileType = sourcecode.swift; path = MapsActionSheetViewModelTests.swift; sourceTree = "<group>"; };
		4D2784D1258880DE00B6A79A /* RxSwiftDependency.h */ = {isa = PBXFileReference; lastKnownFileType = sourcecode.c.h; path = RxSwiftDependency.h; sourceTree = "<group>"; };
		4D2784D2258880DE00B6A79A /* Info.plist */ = {isa = PBXFileReference; lastKnownFileType = text.plist.xml; path = Info.plist; sourceTree = "<group>"; };
		4D30043C2585C61B00782708 /* RequestAddressCoordinator.swift */ = {isa = PBXFileReference; lastKnownFileType = sourcecode.swift; path = RequestAddressCoordinator.swift; sourceTree = "<group>"; };
		4D3004442585C7EE00782708 /* RequestAddressViewController.swift */ = {isa = PBXFileReference; lastKnownFileType = sourcecode.swift; path = RequestAddressViewController.swift; sourceTree = "<group>"; };
		4D3004452585C7EE00782708 /* RequestAddressViewController.xib */ = {isa = PBXFileReference; lastKnownFileType = file.xib; path = RequestAddressViewController.xib; sourceTree = "<group>"; };
		4D30044B2585C81B00782708 /* RequestAddressViewModel.swift */ = {isa = PBXFileReference; lastKnownFileType = sourcecode.swift; path = RequestAddressViewModel.swift; sourceTree = "<group>"; };
		4D5635BC2590C98B0094C5A7 /* NetworkingError.swift */ = {isa = PBXFileReference; lastKnownFileType = sourcecode.swift; path = NetworkingError.swift; sourceTree = "<group>"; };
		4D5635C12590C9B10094C5A7 /* Endpoint.swift */ = {isa = PBXFileReference; lastKnownFileType = sourcecode.swift; path = Endpoint.swift; sourceTree = "<group>"; };
		4D5635C72590CA140094C5A7 /* Reachability.swift */ = {isa = PBXFileReference; lastKnownFileType = sourcecode.swift; path = Reachability.swift; sourceTree = "<group>"; };
		4D5635CB2590CCD60094C5A7 /* APIClient.swift */ = {isa = PBXFileReference; lastKnownFileType = sourcecode.swift; path = APIClient.swift; sourceTree = "<group>"; };
		4D5635D72590D2CC0094C5A7 /* APIRequest.swift */ = {isa = PBXFileReference; lastKnownFileType = sourcecode.swift; path = APIRequest.swift; sourceTree = "<group>"; };
		4D57B1652592CB34008B09F3 /* UISegmentedControl+Extension.swift */ = {isa = PBXFileReference; lastKnownFileType = sourcecode.swift; path = "UISegmentedControl+Extension.swift"; sourceTree = "<group>"; };
		4D57B16A2592DA4E008B09F3 /* MeasurementFormatter+Extension.swift */ = {isa = PBXFileReference; lastKnownFileType = sourcecode.swift; path = "MeasurementFormatter+Extension.swift"; sourceTree = "<group>"; };
		4D57B1742592FF10008B09F3 /* PlacesCoordinatorTests.swift */ = {isa = PBXFileReference; lastKnownFileType = sourcecode.swift; path = PlacesCoordinatorTests.swift; sourceTree = "<group>"; };
		4D57B17B25930620008B09F3 /* PlacesViewModelTests.swift */ = {isa = PBXFileReference; lastKnownFileType = sourcecode.swift; path = PlacesViewModelTests.swift; sourceTree = "<group>"; };
		4D57B18D259374AB008B09F3 /* PlaceServicesStub.swift */ = {isa = PBXFileReference; lastKnownFileType = sourcecode.swift; path = PlaceServicesStub.swift; sourceTree = "<group>"; };
		4D5D20A72585928B00A0A453 /* Nearby.app */ = {isa = PBXFileReference; explicitFileType = wrapper.application; includeInIndex = 0; path = Nearby.app; sourceTree = BUILT_PRODUCTS_DIR; };
		4D5D20AA2585928B00A0A453 /* AppDelegate.swift */ = {isa = PBXFileReference; lastKnownFileType = sourcecode.swift; path = AppDelegate.swift; sourceTree = "<group>"; };
		4D5D20AC2585928B00A0A453 /* SceneDelegate.swift */ = {isa = PBXFileReference; lastKnownFileType = sourcecode.swift; path = SceneDelegate.swift; sourceTree = "<group>"; };
		4D5D20B32585928C00A0A453 /* Assets.xcassets */ = {isa = PBXFileReference; lastKnownFileType = folder.assetcatalog; path = Assets.xcassets; sourceTree = "<group>"; };
		4D5D20B62585928C00A0A453 /* Base */ = {isa = PBXFileReference; lastKnownFileType = file.storyboard; name = Base; path = Base.lproj/LaunchScreen.storyboard; sourceTree = "<group>"; };
		4D5D20B82585928C00A0A453 /* Info.plist */ = {isa = PBXFileReference; lastKnownFileType = text.plist.xml; path = Info.plist; sourceTree = "<group>"; };
		4D5D20BD2585928D00A0A453 /* NearbyTests.xctest */ = {isa = PBXFileReference; explicitFileType = wrapper.cfbundle; includeInIndex = 0; path = NearbyTests.xctest; sourceTree = BUILT_PRODUCTS_DIR; };
		4D5D20C32585928D00A0A453 /* Info.plist */ = {isa = PBXFileReference; lastKnownFileType = text.plist.xml; path = Info.plist; sourceTree = "<group>"; };
		4D5D20C82585928D00A0A453 /* NearbyUITests.xctest */ = {isa = PBXFileReference; explicitFileType = wrapper.cfbundle; includeInIndex = 0; path = NearbyUITests.xctest; sourceTree = BUILT_PRODUCTS_DIR; };
		4D5D20CC2585928D00A0A453 /* NearbyUITests.swift */ = {isa = PBXFileReference; lastKnownFileType = sourcecode.swift; path = NearbyUITests.swift; sourceTree = "<group>"; };
		4D5D20CE2585928D00A0A453 /* Info.plist */ = {isa = PBXFileReference; lastKnownFileType = text.plist.xml; path = Info.plist; sourceTree = "<group>"; };
		4D5D20F125859FAD00A0A453 /* BaseCoordinator.swift */ = {isa = PBXFileReference; lastKnownFileType = sourcecode.swift; path = BaseCoordinator.swift; sourceTree = "<group>"; };
		4D5D20F72585A03600A0A453 /* AppCoordinator.swift */ = {isa = PBXFileReference; lastKnownFileType = sourcecode.swift; path = AppCoordinator.swift; sourceTree = "<group>"; };
		4D5FDE2825940D9A00DD4282 /* PlaceCellViewModelTests.swift */ = {isa = PBXFileReference; lastKnownFileType = sourcecode.swift; path = PlaceCellViewModelTests.swift; sourceTree = "<group>"; };
		4D658B90258A4AFA00E0CCD2 /* LocationManagerStub.swift */ = {isa = PBXFileReference; lastKnownFileType = sourcecode.swift; path = LocationManagerStub.swift; sourceTree = "<group>"; };
		4D85A5DC259213D200587472 /* PlacesViewModel.swift */ = {isa = PBXFileReference; lastKnownFileType = sourcecode.swift; path = PlacesViewModel.swift; sourceTree = "<group>"; };
		4D85A5E125922DFA00587472 /* PlaceCellViewModel.swift */ = {isa = PBXFileReference; lastKnownFileType = sourcecode.swift; path = PlaceCellViewModel.swift; sourceTree = "<group>"; };
		4D85A5EC2592480600587472 /* PlacesViewController.swift */ = {isa = PBXFileReference; lastKnownFileType = sourcecode.swift; path = PlacesViewController.swift; sourceTree = "<group>"; };
		4D85A5ED2592480600587472 /* PlacesViewController.xib */ = {isa = PBXFileReference; lastKnownFileType = file.xib; path = PlacesViewController.xib; sourceTree = "<group>"; };
		4D85A5FA25924A2F00587472 /* UIViewController+Rx.swift */ = {isa = PBXFileReference; lastKnownFileType = sourcecode.swift; path = "UIViewController+Rx.swift"; sourceTree = "<group>"; };
		4D99E50A258B8ED500D632E0 /* RequestAddressCoordinatorTests.swift */ = {isa = PBXFileReference; lastKnownFileType = sourcecode.swift; path = RequestAddressCoordinatorTests.swift; sourceTree = "<group>"; };
		4D99E515258B911400D632E0 /* UIViewControllerType.swift */ = {isa = PBXFileReference; lastKnownFileType = sourcecode.swift; path = UIViewControllerType.swift; sourceTree = "<group>"; };
		4D99E519258B918200D632E0 /* UIViewControllerStub.swift */ = {isa = PBXFileReference; lastKnownFileType = sourcecode.swift; path = UIViewControllerStub.swift; sourceTree = "<group>"; };
		4D99E51E258B927800D632E0 /* UINavigationControllerType.swift */ = {isa = PBXFileReference; lastKnownFileType = sourcecode.swift; path = UINavigationControllerType.swift; sourceTree = "<group>"; };
		4D99E522258B92F800D632E0 /* UINavigationControllerStub.swift */ = {isa = PBXFileReference; lastKnownFileType = sourcecode.swift; path = UINavigationControllerStub.swift; sourceTree = "<group>"; };
		4DA2DFA82588649600522ED6 /* AlertViewModel.swift */ = {isa = PBXFileReference; lastKnownFileType = sourcecode.swift; path = AlertViewModel.swift; sourceTree = "<group>"; };
		4DC3AA252592B2670094A320 /* PlaceTableViewCell.swift */ = {isa = PBXFileReference; lastKnownFileType = sourcecode.swift; path = PlaceTableViewCell.swift; sourceTree = "<group>"; };
		4DC3AA262592B2670094A320 /* PlaceTableViewCell.xib */ = {isa = PBXFileReference; lastKnownFileType = file.xib; path = PlaceTableViewCell.xib; sourceTree = "<group>"; };
		4DC6E459258A424C003253B1 /* LocationManagerType.swift */ = {isa = PBXFileReference; lastKnownFileType = sourcecode.swift; path = LocationManagerType.swift; sourceTree = "<group>"; };
		4DC6E464258A45A6003253B1 /* Coordinate.swift */ = {isa = PBXFileReference; lastKnownFileType = sourcecode.swift; path = Coordinate.swift; sourceTree = "<group>"; };
		4DC6E468258A46B9003253B1 /* AuthorizationStatus.swift */ = {isa = PBXFileReference; lastKnownFileType = sourcecode.swift; path = AuthorizationStatus.swift; sourceTree = "<group>"; };
		4DE8771925870A2300A52B08 /* UIViewController+Extension.swift */ = {isa = PBXFileReference; lastKnownFileType = sourcecode.swift; path = "UIViewController+Extension.swift"; sourceTree = "<group>"; };
		4DE8772625870C7100A52B08 /* ActivityIndicatorViewController.swift */ = {isa = PBXFileReference; lastKnownFileType = sourcecode.swift; path = ActivityIndicatorViewController.swift; sourceTree = "<group>"; };
		4DE877322587130900A52B08 /* Base */ = {isa = PBXFileReference; lastKnownFileType = text.plist.strings; name = Base; path = Base.lproj/Localizable.strings; sourceTree = "<group>"; };
		4DE8773C258714DA00A52B08 /* en */ = {isa = PBXFileReference; lastKnownFileType = text.plist.strings; name = en; path = en.lproj/Localizable.strings; sourceTree = "<group>"; };
		4DE877402587162E00A52B08 /* String+Extension.swift */ = {isa = PBXFileReference; lastKnownFileType = sourcecode.swift; path = "String+Extension.swift"; sourceTree = "<group>"; };
		4DE877452587172000A52B08 /* pt-BR */ = {isa = PBXFileReference; lastKnownFileType = text.plist.strings; name = "pt-BR"; path = "pt-BR.lproj/LaunchScreen.strings"; sourceTree = "<group>"; };
		4DE877462587172000A52B08 /* pt-BR */ = {isa = PBXFileReference; lastKnownFileType = text.plist.strings; name = "pt-BR"; path = "pt-BR.lproj/Localizable.strings"; sourceTree = "<group>"; };
		4DE87753258799F700A52B08 /* CLLocationManagerDelegateEvents+Rx.swift */ = {isa = PBXFileReference; fileEncoding = 4; lastKnownFileType = sourcecode.swift; path = "CLLocationManagerDelegateEvents+Rx.swift"; sourceTree = "<group>"; };
		4DE87754258799F700A52B08 /* RxCLLocationManagerDelegateProxy.swift */ = {isa = PBXFileReference; fileEncoding = 4; lastKnownFileType = sourcecode.swift; path = RxCLLocationManagerDelegateProxy.swift; sourceTree = "<group>"; };
		4DE87755258799F700A52B08 /* RxEventTypealias.swift */ = {isa = PBXFileReference; fileEncoding = 4; lastKnownFileType = sourcecode.swift; path = RxEventTypealias.swift; sourceTree = "<group>"; };
		4DE87756258799F700A52B08 /* RxSelectors.swift */ = {isa = PBXFileReference; fileEncoding = 4; lastKnownFileType = sourcecode.swift; path = RxSelectors.swift; sourceTree = "<group>"; };
		4DE87757258799F700A52B08 /* CLLocationManagerEvents+Rx.swift */ = {isa = PBXFileReference; fileEncoding = 4; lastKnownFileType = sourcecode.swift; path = "CLLocationManagerEvents+Rx.swift"; sourceTree = "<group>"; };
		4DE87758258799F800A52B08 /* Helpers.swift */ = {isa = PBXFileReference; fileEncoding = 4; lastKnownFileType = sourcecode.swift; path = Helpers.swift; sourceTree = "<group>"; };
		4DE87759258799F800A52B08 /* RxKeyPaths.swift */ = {isa = PBXFileReference; fileEncoding = 4; lastKnownFileType = sourcecode.swift; path = RxKeyPaths.swift; sourceTree = "<group>"; };
/* End PBXFileReference section */

/* Begin PBXFrameworksBuildPhase section */
		4D5D20A42585928B00A0A453 /* Frameworks */ = {
			isa = PBXFrameworksBuildPhase;
			buildActionMask = 2147483647;
			files = (
				4DEAF55C25897D3B0069B991 /* RxRelay in Frameworks */,
				4DEAF55825897D3B0069B991 /* RxSwift in Frameworks */,
				4DEAF55E25897D3B0069B991 /* RxCocoa in Frameworks */,
				4D14727A2585B0340006C3CE /* SwiftyJSON in Frameworks */,
			);
			runOnlyForDeploymentPostprocessing = 0;
		};
		4D5D20BA2585928D00A0A453 /* Frameworks */ = {
			isa = PBXFrameworksBuildPhase;
			buildActionMask = 2147483647;
			files = (
				4D2784C62588803A00B6A79A /* Nimble in Frameworks */,
				4D2784C02588802B00B6A79A /* Quick in Frameworks */,
			);
			runOnlyForDeploymentPostprocessing = 0;
		};
		4D5D20C52585928D00A0A453 /* Frameworks */ = {
			isa = PBXFrameworksBuildPhase;
			buildActionMask = 2147483647;
			files = (
			);
			runOnlyForDeploymentPostprocessing = 0;
		};
/* End PBXFrameworksBuildPhase section */

/* Begin PBXGroup section */
		4D042AE0258D94C1007E0789 /* Places */ = {
			isa = PBXGroup;
			children = (
				4D042AE1258D94C7007E0789 /* Coordinator */,
				4D85A5DA2591AA4200587472 /* ViewModel */,
				4D85A5DB2591AA4800587472 /* View */,
			);
			path = Places;
			sourceTree = "<group>";
		};
		4D042AE1258D94C7007E0789 /* Coordinator */ = {
			isa = PBXGroup;
			children = (
				4D042AE2258D94DA007E0789 /* PlacesCoordinator.swift */,
			);
			path = Coordinator;
			sourceTree = "<group>";
		};
		4D042AE9258D9998007E0789 /* Place */ = {
			isa = PBXGroup;
			children = (
				4D042AEA258D99A8007E0789 /* Place.swift */,
			);
			path = Place;
			sourceTree = "<group>";
		};
		4D042AF4258D9D2B007E0789 /* Services */ = {
			isa = PBXGroup;
			children = (
				4D042AF5258D9D4D007E0789 /* Place */,
			);
			path = Services;
			sourceTree = "<group>";
		};
		4D042AF5258D9D4D007E0789 /* Place */ = {
			isa = PBXGroup;
			children = (
				4D042AF6258D9D9A007E0789 /* PlaceServices.swift */,
				4D57B18D259374AB008B09F3 /* PlaceServicesStub.swift */,
			);
			path = Place;
			sourceTree = "<group>";
		};
		4D042B05258DA175007E0789 /* URLSession */ = {
			isa = PBXGroup;
			children = (
				4D042B06258DA18A007E0789 /* URLSession+Rx.swift */,
			);
			path = URLSession;
			sourceTree = "<group>";
		};
		4D07863C258869C10042636F /* UINavigationController */ = {
			isa = PBXGroup;
			children = (
				4D078637258869550042636F /* UINavigationController+Rx.swift */,
			);
			path = UINavigationController;
			sourceTree = "<group>";
		};
		4D07863D258869CA0042636F /* UIViewController */ = {
			isa = PBXGroup;
			children = (
				4DE8771925870A2300A52B08 /* UIViewController+Extension.swift */,
				4D85A5FA25924A2F00587472 /* UIViewController+Rx.swift */,
			);
			path = UIViewController;
			sourceTree = "<group>";
		};
		4D07863E258869D50042636F /* String */ = {
			isa = PBXGroup;
			children = (
				4DE877402587162E00A52B08 /* String+Extension.swift */,
			);
			path = String;
			sourceTree = "<group>";
		};
		4D078647258878020042636F /* Spec */ = {
			isa = PBXGroup;
			children = (
				4D0786482588782B0042636F /* Modules */,
			);
			path = Spec;
			sourceTree = "<group>";
		};
		4D0786482588782B0042636F /* Modules */ = {
			isa = PBXGroup;
			children = (
				4D186895259439E600E02A1E /* MapsActionSheet */,
				4D57B1702592FEEB008B09F3 /* Places */,
				4D078649258878320042636F /* RequestAddress */,
			);
			path = Modules;
			sourceTree = "<group>";
		};
		4D078649258878320042636F /* RequestAddress */ = {
			isa = PBXGroup;
			children = (
				4D99E509258B8EAD00D632E0 /* Coordinator */,
				4D07864C258878470042636F /* ViewModel */,
			);
			path = RequestAddress;
			sourceTree = "<group>";
		};
		4D07864C258878470042636F /* ViewModel */ = {
			isa = PBXGroup;
			children = (
				4D07864D258878760042636F /* RequestAddressViewModelTests.swift */,
			);
			path = ViewModel;
			sourceTree = "<group>";
		};
		4D186888259427F300E02A1E /* MapsActionSheet */ = {
			isa = PBXGroup;
			children = (
				4D1868892594280600E02A1E /* Coordinator */,
				4D18688A2594280A00E02A1E /* ViewModel */,
			);
			path = MapsActionSheet;
			sourceTree = "<group>";
		};
		4D1868892594280600E02A1E /* Coordinator */ = {
			isa = PBXGroup;
			children = (
				4D18688B2594282000E02A1E /* MapsActionSheetCoordinator.swift */,
			);
			path = Coordinator;
			sourceTree = "<group>";
		};
		4D18688A2594280A00E02A1E /* ViewModel */ = {
			isa = PBXGroup;
			children = (
				4D18688F2594297800E02A1E /* MapsActionSheetViewModel.swift */,
			);
			path = ViewModel;
			sourceTree = "<group>";
		};
		4D186895259439E600E02A1E /* MapsActionSheet */ = {
			isa = PBXGroup;
			children = (
				4D186896259439FC00E02A1E /* Coordinator */,
				4D18689D25943C2F00E02A1E /* ViewModel */,
			);
			path = MapsActionSheet;
			sourceTree = "<group>";
		};
		4D186896259439FC00E02A1E /* Coordinator */ = {
			isa = PBXGroup;
			children = (
				4D18689725943A2400E02A1E /* MapsActionSheetCoordinatorTests.swift */,
			);
			path = Coordinator;
			sourceTree = "<group>";
		};
		4D18689D25943C2F00E02A1E /* ViewModel */ = {
			isa = PBXGroup;
			children = (
				4D18689E25943C6700E02A1E /* MapsActionSheetViewModelTests.swift */,
			);
			path = ViewModel;
			sourceTree = "<group>";
		};
		4D2784D0258880DE00B6A79A /* RxSwiftDependency */ = {
			isa = PBXGroup;
			children = (
				4D2784D1258880DE00B6A79A /* RxSwiftDependency.h */,
				4D2784D2258880DE00B6A79A /* Info.plist */,
			);
			path = RxSwiftDependency;
			sourceTree = "<group>";
		};
		4D2784DF258880F100B6A79A /* Frameworks */ = {
			isa = PBXGroup;
			children = (
			);
			name = Frameworks;
			sourceTree = "<group>";
		};
		4D30043A2585C5FE00782708 /* Coordinator */ = {
			isa = PBXGroup;
			children = (
				4D30043C2585C61B00782708 /* RequestAddressCoordinator.swift */,
			);
			path = Coordinator;
			sourceTree = "<group>";
		};
		4D30043B2585C60300782708 /* ViewModel */ = {
			isa = PBXGroup;
			children = (
				4D30044B2585C81B00782708 /* RequestAddressViewModel.swift */,
			);
			path = ViewModel;
			sourceTree = "<group>";
		};
		4D5635BB2590C8490094C5A7 /* Networking */ = {
			isa = PBXGroup;
			children = (
				4D5635CB2590CCD60094C5A7 /* APIClient.swift */,
				4D5635D72590D2CC0094C5A7 /* APIRequest.swift */,
				4D5635BC2590C98B0094C5A7 /* NetworkingError.swift */,
				4D5635C12590C9B10094C5A7 /* Endpoint.swift */,
				4D5635C72590CA140094C5A7 /* Reachability.swift */,
			);
			path = Networking;
			sourceTree = "<group>";
		};
		4D57B1632592CB1E008B09F3 /* UISegmentedControl */ = {
			isa = PBXGroup;
			children = (
				4D57B1652592CB34008B09F3 /* UISegmentedControl+Extension.swift */,
			);
			path = UISegmentedControl;
			sourceTree = "<group>";
		};
		4D57B1692592DA43008B09F3 /* MeasurementFormatter */ = {
			isa = PBXGroup;
			children = (
				4D57B16A2592DA4E008B09F3 /* MeasurementFormatter+Extension.swift */,
			);
			path = MeasurementFormatter;
			sourceTree = "<group>";
		};
		4D57B1702592FEEB008B09F3 /* Places */ = {
			isa = PBXGroup;
			children = (
				4D57B1732592FEF8008B09F3 /* Coordinator */,
				4D57B17A25930607008B09F3 /* ViewModel */,
			);
			path = Places;
			sourceTree = "<group>";
		};
		4D57B1732592FEF8008B09F3 /* Coordinator */ = {
			isa = PBXGroup;
			children = (
				4D57B1742592FF10008B09F3 /* PlacesCoordinatorTests.swift */,
			);
			path = Coordinator;
			sourceTree = "<group>";
		};
		4D57B17A25930607008B09F3 /* ViewModel */ = {
			isa = PBXGroup;
			children = (
				4D57B17B25930620008B09F3 /* PlacesViewModelTests.swift */,
				4D5FDE2825940D9A00DD4282 /* PlaceCellViewModelTests.swift */,
			);
			path = ViewModel;
			sourceTree = "<group>";
		};
		4D5D209E2585928B00A0A453 = {
			isa = PBXGroup;
			children = (
				4D5D20A92585928B00A0A453 /* Nearby */,
				4D5D20C02585928D00A0A453 /* NearbyTests */,
				4D5D20CB2585928D00A0A453 /* NearbyUITests */,
				4D2784D0258880DE00B6A79A /* RxSwiftDependency */,
				4D5D20A82585928B00A0A453 /* Products */,
				4D2784DF258880F100B6A79A /* Frameworks */,
			);
			sourceTree = "<group>";
		};
		4D5D20A82585928B00A0A453 /* Products */ = {
			isa = PBXGroup;
			children = (
				4D5D20A72585928B00A0A453 /* Nearby.app */,
				4D5D20BD2585928D00A0A453 /* NearbyTests.xctest */,
				4D5D20C82585928D00A0A453 /* NearbyUITests.xctest */,
			);
			name = Products;
			sourceTree = "<group>";
		};
		4D5D20A92585928B00A0A453 /* Nearby */ = {
			isa = PBXGroup;
			children = (
				4D5D20B82585928C00A0A453 /* Info.plist */,
				4D5D20E025859B7700A0A453 /* App */,
				4D5D20E425859DD400A0A453 /* Modules */,
				4D5D20E325859DB300A0A453 /* Models */,
				4D042AF4258D9D2B007E0789 /* Services */,
				4D5635BB2590C8490094C5A7 /* Networking */,
				4DE8771825870A0C00A52B08 /* Extensions */,
				4D99E510258B90B700D632E0 /* Protocols */,
				4DCB4444258669A00024695C /* Commom ViewControllers */,
				4DE877512587998F00A52B08 /* Frameworks */,
				4D5D20E125859B8100A0A453 /* Supporting Files */,
			);
			path = Nearby;
			sourceTree = "<group>";
		};
		4D5D20C02585928D00A0A453 /* NearbyTests */ = {
			isa = PBXGroup;
			children = (
				4D078647258878020042636F /* Spec */,
				4D5D20C32585928D00A0A453 /* Info.plist */,
			);
			path = NearbyTests;
			sourceTree = "<group>";
		};
		4D5D20CB2585928D00A0A453 /* NearbyUITests */ = {
			isa = PBXGroup;
			children = (
				4D5D20CC2585928D00A0A453 /* NearbyUITests.swift */,
				4D5D20CE2585928D00A0A453 /* Info.plist */,
			);
			path = NearbyUITests;
			sourceTree = "<group>";
		};
		4D5D20E025859B7700A0A453 /* App */ = {
			isa = PBXGroup;
			children = (
				4D5D20F72585A03600A0A453 /* AppCoordinator.swift */,
				4D5D20F125859FAD00A0A453 /* BaseCoordinator.swift */,
				4D5D20AA2585928B00A0A453 /* AppDelegate.swift */,
				4D5D20AC2585928B00A0A453 /* SceneDelegate.swift */,
			);
			path = App;
			sourceTree = "<group>";
		};
		4D5D20E125859B8100A0A453 /* Supporting Files */ = {
			isa = PBXGroup;
			children = (
				4D5D20B32585928C00A0A453 /* Assets.xcassets */,
				4D5D20B52585928C00A0A453 /* LaunchScreen.storyboard */,
				4DE877312587130900A52B08 /* Localizable.strings */,
			);
			path = "Supporting Files";
			sourceTree = "<group>";
		};
		4D5D20E325859DB300A0A453 /* Models */ = {
			isa = PBXGroup;
			children = (
				4DC6E461258A458B003253B1 /* Coordinate */,
				4D042AE9258D9998007E0789 /* Place */,
			);
			path = Models;
			sourceTree = "<group>";
		};
		4D5D20E425859DD400A0A453 /* Modules */ = {
			isa = PBXGroup;
			children = (
				4D186888259427F300E02A1E /* MapsActionSheet */,
				4D042AE0258D94C1007E0789 /* Places */,
				4D5D20E525859DF100A0A453 /* RequestAddress */,
			);
			path = Modules;
			sourceTree = "<group>";
		};
		4D5D20E525859DF100A0A453 /* RequestAddress */ = {
			isa = PBXGroup;
			children = (
				4D30043A2585C5FE00782708 /* Coordinator */,
				4D5D20EA25859E6D00A0A453 /* View */,
				4D30043B2585C60300782708 /* ViewModel */,
			);
			path = RequestAddress;
			sourceTree = "<group>";
		};
		4D5D20EA25859E6D00A0A453 /* View */ = {
			isa = PBXGroup;
			children = (
				4D3004442585C7EE00782708 /* RequestAddressViewController.swift */,
				4D3004452585C7EE00782708 /* RequestAddressViewController.xib */,
			);
			path = View;
			sourceTree = "<group>";
		};
		4D85A5DA2591AA4200587472 /* ViewModel */ = {
			isa = PBXGroup;
			children = (
				4D85A5DC259213D200587472 /* PlacesViewModel.swift */,
				4D85A5E125922DFA00587472 /* PlaceCellViewModel.swift */,
			);
			path = ViewModel;
			sourceTree = "<group>";
		};
		4D85A5DB2591AA4800587472 /* View */ = {
			isa = PBXGroup;
			children = (
				4DC3AA232592B23E0094A320 /* Cell */,
				4D85A5EC2592480600587472 /* PlacesViewController.swift */,
				4D85A5ED2592480600587472 /* PlacesViewController.xib */,
			);
			path = View;
			sourceTree = "<group>";
		};
		4D99E509258B8EAD00D632E0 /* Coordinator */ = {
			isa = PBXGroup;
			children = (
				4D99E50A258B8ED500D632E0 /* RequestAddressCoordinatorTests.swift */,
			);
			path = Coordinator;
			sourceTree = "<group>";
		};
		4D99E510258B90B700D632E0 /* Protocols */ = {
			isa = PBXGroup;
			children = (
				4DC6E458258A4229003253B1 /* LocationManager */,
				4D99E51D258B925600D632E0 /* UINavigationControllerType */,
				4D99E514258B90F800D632E0 /* UIViewControllerType */,
			);
			path = Protocols;
			sourceTree = "<group>";
		};
		4D99E514258B90F800D632E0 /* UIViewControllerType */ = {
			isa = PBXGroup;
			children = (
				4D99E515258B911400D632E0 /* UIViewControllerType.swift */,
				4D99E519258B918200D632E0 /* UIViewControllerStub.swift */,
			);
			path = UIViewControllerType;
			sourceTree = "<group>";
		};
		4D99E51D258B925600D632E0 /* UINavigationControllerType */ = {
			isa = PBXGroup;
			children = (
				4D99E51E258B927800D632E0 /* UINavigationControllerType.swift */,
				4D99E522258B92F800D632E0 /* UINavigationControllerStub.swift */,
			);
			path = UINavigationControllerType;
			sourceTree = "<group>";
		};
		4DA2DF9D2588643E00522ED6 /* AlertController */ = {
			isa = PBXGroup;
			children = (
				4DA2DFA72588648000522ED6 /* ViewModel */,
			);
			path = AlertController;
			sourceTree = "<group>";
		};
		4DA2DFA72588648000522ED6 /* ViewModel */ = {
			isa = PBXGroup;
			children = (
				4DA2DFA82588649600522ED6 /* AlertViewModel.swift */,
				4D07864225886BE20042636F /* AlertActionViewModel.swift */,
			);
			path = ViewModel;
			sourceTree = "<group>";
		};
		4DC3AA232592B23E0094A320 /* Cell */ = {
			isa = PBXGroup;
			children = (
				4DC3AA252592B2670094A320 /* PlaceTableViewCell.swift */,
				4DC3AA262592B2670094A320 /* PlaceTableViewCell.xib */,
			);
			path = Cell;
			sourceTree = "<group>";
		};
		4DC6E458258A4229003253B1 /* LocationManager */ = {
			isa = PBXGroup;
			children = (
				4DC6E459258A424C003253B1 /* LocationManagerType.swift */,
				4D658B90258A4AFA00E0CCD2 /* LocationManagerStub.swift */,
				4DC6E468258A46B9003253B1 /* AuthorizationStatus.swift */,
			);
			path = LocationManager;
			sourceTree = "<group>";
		};
		4DC6E461258A458B003253B1 /* Coordinate */ = {
			isa = PBXGroup;
			children = (
				4DC6E464258A45A6003253B1 /* Coordinate.swift */,
			);
			path = Coordinate;
			sourceTree = "<group>";
		};
		4DCB4444258669A00024695C /* Commom ViewControllers */ = {
			isa = PBXGroup;
			children = (
				4DA2DF9D2588643E00522ED6 /* AlertController */,
				4DE8772425870C0D00A52B08 /* ActivityIndicatorViewController */,
			);
			path = "Commom ViewControllers";
			sourceTree = "<group>";
		};
		4DE8771825870A0C00A52B08 /* Extensions */ = {
			isa = PBXGroup;
			children = (
				4D57B1692592DA43008B09F3 /* MeasurementFormatter */,
				4D57B1632592CB1E008B09F3 /* UISegmentedControl */,
				4D042B05258DA175007E0789 /* URLSession */,
				4D07863E258869D50042636F /* String */,
				4D07863D258869CA0042636F /* UIViewController */,
				4D07863C258869C10042636F /* UINavigationController */,
			);
			path = Extensions;
			sourceTree = "<group>";
		};
		4DE8772425870C0D00A52B08 /* ActivityIndicatorViewController */ = {
			isa = PBXGroup;
			children = (
				4DE8772525870C2200A52B08 /* View */,
			);
			path = ActivityIndicatorViewController;
			sourceTree = "<group>";
		};
		4DE8772525870C2200A52B08 /* View */ = {
			isa = PBXGroup;
			children = (
				4DE8772625870C7100A52B08 /* ActivityIndicatorViewController.swift */,
			);
			path = View;
			sourceTree = "<group>";
		};
		4DE877512587998F00A52B08 /* Frameworks */ = {
			isa = PBXGroup;
			children = (
				4DE87752258799AA00A52B08 /* RxCoreLocation */,
			);
			path = Frameworks;
			sourceTree = "<group>";
		};
		4DE87752258799AA00A52B08 /* RxCoreLocation */ = {
			isa = PBXGroup;
			children = (
				4DE87753258799F700A52B08 /* CLLocationManagerDelegateEvents+Rx.swift */,
				4DE87757258799F700A52B08 /* CLLocationManagerEvents+Rx.swift */,
				4DE87758258799F800A52B08 /* Helpers.swift */,
				4DE87754258799F700A52B08 /* RxCLLocationManagerDelegateProxy.swift */,
				4DE87755258799F700A52B08 /* RxEventTypealias.swift */,
				4DE87759258799F800A52B08 /* RxKeyPaths.swift */,
				4DE87756258799F700A52B08 /* RxSelectors.swift */,
			);
			path = RxCoreLocation;
			sourceTree = "<group>";
		};
/* End PBXGroup section */

/* Begin PBXNativeTarget section */
		4D5D20A62585928B00A0A453 /* Nearby */ = {
			isa = PBXNativeTarget;
			buildConfigurationList = 4D5D20D12585928D00A0A453 /* Build configuration list for PBXNativeTarget "Nearby" */;
			buildPhases = (
				4D5D20A32585928B00A0A453 /* Sources */,
				4D5D20A42585928B00A0A453 /* Frameworks */,
				4D5D20A52585928B00A0A453 /* Resources */,
				4D2784DB258880DE00B6A79A /* Embed Frameworks */,
			);
			buildRules = (
			);
			dependencies = (
			);
			name = Nearby;
			packageProductDependencies = (
				4D1472792585B0340006C3CE /* SwiftyJSON */,
				4DEAF55725897D3B0069B991 /* RxSwift */,
				4DEAF55B25897D3B0069B991 /* RxRelay */,
				4DEAF55D25897D3B0069B991 /* RxCocoa */,
			);
			productName = Nearby;
			productReference = 4D5D20A72585928B00A0A453 /* Nearby.app */;
			productType = "com.apple.product-type.application";
		};
		4D5D20BC2585928D00A0A453 /* NearbyTests */ = {
			isa = PBXNativeTarget;
			buildConfigurationList = 4D5D20D42585928D00A0A453 /* Build configuration list for PBXNativeTarget "NearbyTests" */;
			buildPhases = (
				4D5D20B92585928D00A0A453 /* Sources */,
				4D5D20BA2585928D00A0A453 /* Frameworks */,
				4D5D20BB2585928D00A0A453 /* Resources */,
			);
			buildRules = (
			);
			dependencies = (
				4D5D20BF2585928D00A0A453 /* PBXTargetDependency */,
			);
			name = NearbyTests;
			packageProductDependencies = (
				4D2784BF2588802B00B6A79A /* Quick */,
				4D2784C52588803A00B6A79A /* Nimble */,
			);
			productName = NearbyTests;
			productReference = 4D5D20BD2585928D00A0A453 /* NearbyTests.xctest */;
			productType = "com.apple.product-type.bundle.unit-test";
		};
		4D5D20C72585928D00A0A453 /* NearbyUITests */ = {
			isa = PBXNativeTarget;
			buildConfigurationList = 4D5D20D72585928D00A0A453 /* Build configuration list for PBXNativeTarget "NearbyUITests" */;
			buildPhases = (
				4D5D20C42585928D00A0A453 /* Sources */,
				4D5D20C52585928D00A0A453 /* Frameworks */,
				4D5D20C62585928D00A0A453 /* Resources */,
			);
			buildRules = (
			);
			dependencies = (
				4D5D20CA2585928D00A0A453 /* PBXTargetDependency */,
			);
			name = NearbyUITests;
			productName = NearbyUITests;
			productReference = 4D5D20C82585928D00A0A453 /* NearbyUITests.xctest */;
			productType = "com.apple.product-type.bundle.ui-testing";
		};
/* End PBXNativeTarget section */

/* Begin PBXProject section */
		4D5D209F2585928B00A0A453 /* Project object */ = {
			isa = PBXProject;
			attributes = {
				LastSwiftUpdateCheck = 1220;
				LastUpgradeCheck = 1220;
				TargetAttributes = {
					4D5D20A62585928B00A0A453 = {
						CreatedOnToolsVersion = 12.2;
					};
					4D5D20BC2585928D00A0A453 = {
						CreatedOnToolsVersion = 12.2;
						TestTargetID = 4D5D20A62585928B00A0A453;
					};
					4D5D20C72585928D00A0A453 = {
						CreatedOnToolsVersion = 12.2;
						TestTargetID = 4D5D20A62585928B00A0A453;
					};
				};
			};
			buildConfigurationList = 4D5D20A22585928B00A0A453 /* Build configuration list for PBXProject "Nearby" */;
			compatibilityVersion = "Xcode 9.3";
			developmentRegion = en;
			hasScannedForEncodings = 0;
			knownRegions = (
				en,
				Base,
				"pt-BR",
			);
			mainGroup = 4D5D209E2585928B00A0A453;
			packageReferences = (
				4D1472782585B0340006C3CE /* XCRemoteSwiftPackageReference "SwiftyJSON" */,
				4D2784BE2588802B00B6A79A /* XCRemoteSwiftPackageReference "Quick" */,
				4D2784C42588803A00B6A79A /* XCRemoteSwiftPackageReference "Nimble" */,
				4DEAF55625897D3B0069B991 /* XCRemoteSwiftPackageReference "RxSwift" */,
			);
			productRefGroup = 4D5D20A82585928B00A0A453 /* Products */;
			projectDirPath = "";
			projectRoot = "";
			targets = (
				4D5D20A62585928B00A0A453 /* Nearby */,
				4D5D20BC2585928D00A0A453 /* NearbyTests */,
				4D5D20C72585928D00A0A453 /* NearbyUITests */,
			);
		};
/* End PBXProject section */

/* Begin PBXResourcesBuildPhase section */
		4D5D20A52585928B00A0A453 /* Resources */ = {
			isa = PBXResourcesBuildPhase;
			buildActionMask = 2147483647;
			files = (
				4D5D20B72585928C00A0A453 /* LaunchScreen.storyboard in Resources */,
				4DE877332587130900A52B08 /* Localizable.strings in Resources */,
				4D85A5EF2592480600587472 /* PlacesViewController.xib in Resources */,
				4DC3AA292592B2670094A320 /* PlaceTableViewCell.xib in Resources */,
				4D5D20B42585928C00A0A453 /* Assets.xcassets in Resources */,
				4D3004472585C7EE00782708 /* RequestAddressViewController.xib in Resources */,
			);
			runOnlyForDeploymentPostprocessing = 0;
		};
		4D5D20BB2585928D00A0A453 /* Resources */ = {
			isa = PBXResourcesBuildPhase;
			buildActionMask = 2147483647;
			files = (
			);
			runOnlyForDeploymentPostprocessing = 0;
		};
		4D5D20C62585928D00A0A453 /* Resources */ = {
			isa = PBXResourcesBuildPhase;
			buildActionMask = 2147483647;
			files = (
			);
			runOnlyForDeploymentPostprocessing = 0;
		};
/* End PBXResourcesBuildPhase section */

/* Begin PBXSourcesBuildPhase section */
		4D5D20A32585928B00A0A453 /* Sources */ = {
			isa = PBXSourcesBuildPhase;
			buildActionMask = 2147483647;
			files = (
				4DE8775E258799F800A52B08 /* CLLocationManagerEvents+Rx.swift in Sources */,
				4D07864325886BE20042636F /* AlertActionViewModel.swift in Sources */,
				4DE8775F258799F800A52B08 /* Helpers.swift in Sources */,
				4DC6E469258A46B9003253B1 /* AuthorizationStatus.swift in Sources */,
				4D57B16B2592DA4E008B09F3 /* MeasurementFormatter+Extension.swift in Sources */,
				4D658B91258A4AFA00E0CCD2 /* LocationManagerStub.swift in Sources */,
				4DE87760258799F800A52B08 /* RxKeyPaths.swift in Sources */,
				4D5635D82590D2CC0094C5A7 /* APIRequest.swift in Sources */,
				4DE8771A25870A2300A52B08 /* UIViewController+Extension.swift in Sources */,
				4DA2DFA92588649600522ED6 /* AlertViewModel.swift in Sources */,
				4D99E523258B92F800D632E0 /* UINavigationControllerStub.swift in Sources */,
				4DE8775A258799F800A52B08 /* CLLocationManagerDelegateEvents+Rx.swift in Sources */,
				4DE8772725870C7100A52B08 /* ActivityIndicatorViewController.swift in Sources */,
				4D99E51A258B918200D632E0 /* UIViewControllerStub.swift in Sources */,
				4D99E516258B911400D632E0 /* UIViewControllerType.swift in Sources */,
				4D5635C82590CA140094C5A7 /* Reachability.swift in Sources */,
				4D85A5E225922DFA00587472 /* PlaceCellViewModel.swift in Sources */,
				4D5635C22590C9B10094C5A7 /* Endpoint.swift in Sources */,
				4D5D20F225859FAD00A0A453 /* BaseCoordinator.swift in Sources */,
				4DC6E45A258A424C003253B1 /* LocationManagerType.swift in Sources */,
				4D042AEB258D99A8007E0789 /* Place.swift in Sources */,
				4DC6E465258A45A6003253B1 /* Coordinate.swift in Sources */,
				4D5D20F82585A03600A0A453 /* AppCoordinator.swift in Sources */,
				4D5D20AB2585928B00A0A453 /* AppDelegate.swift in Sources */,
				4DE877412587162E00A52B08 /* String+Extension.swift in Sources */,
				4D042AE3258D94DA007E0789 /* PlacesCoordinator.swift in Sources */,
				4D5635BD2590C98B0094C5A7 /* NetworkingError.swift in Sources */,
				4D30043D2585C61B00782708 /* RequestAddressCoordinator.swift in Sources */,
				4D57B18E259374AB008B09F3 /* PlaceServicesStub.swift in Sources */,
				4D078638258869550042636F /* UINavigationController+Rx.swift in Sources */,
				4D042AF7258D9D9A007E0789 /* PlaceServices.swift in Sources */,
				4D5635CC2590CCD60094C5A7 /* APIClient.swift in Sources */,
				4DE8775C258799F800A52B08 /* RxEventTypealias.swift in Sources */,
				4D57B1662592CB34008B09F3 /* UISegmentedControl+Extension.swift in Sources */,
				4D99E51F258B927800D632E0 /* UINavigationControllerType.swift in Sources */,
				4D042B07258DA18A007E0789 /* URLSession+Rx.swift in Sources */,
				4D85A5FB25924A2F00587472 /* UIViewController+Rx.swift in Sources */,
				4D1868902594297800E02A1E /* MapsActionSheetViewModel.swift in Sources */,
				4D30044C2585C81B00782708 /* RequestAddressViewModel.swift in Sources */,
				4D5D20AD2585928B00A0A453 /* SceneDelegate.swift in Sources */,
				4DE8775B258799F800A52B08 /* RxCLLocationManagerDelegateProxy.swift in Sources */,
				4DC3AA282592B2670094A320 /* PlaceTableViewCell.swift in Sources */,
				4D85A5EE2592480600587472 /* PlacesViewController.swift in Sources */,
				4D18688C2594282000E02A1E /* MapsActionSheetCoordinator.swift in Sources */,
				4D85A5DD259213D200587472 /* PlacesViewModel.swift in Sources */,
				4D3004462585C7EE00782708 /* RequestAddressViewController.swift in Sources */,
				4DE8775D258799F800A52B08 /* RxSelectors.swift in Sources */,
			);
			runOnlyForDeploymentPostprocessing = 0;
		};
		4D5D20B92585928D00A0A453 /* Sources */ = {
			isa = PBXSourcesBuildPhase;
			buildActionMask = 2147483647;
			files = (
				4D57B17C25930620008B09F3 /* PlacesViewModelTests.swift in Sources */,
				4D18689825943A2400E02A1E /* MapsActionSheetCoordinatorTests.swift in Sources */,
				4D57B1752592FF10008B09F3 /* PlacesCoordinatorTests.swift in Sources */,
				4D07864E258878760042636F /* RequestAddressViewModelTests.swift in Sources */,
				4D5FDE30259410F500DD4282 /* PlaceCellViewModelTests.swift in Sources */,
				4D18689F25943C6700E02A1E /* MapsActionSheetViewModelTests.swift in Sources */,
				4D99E50B258B8ED500D632E0 /* RequestAddressCoordinatorTests.swift in Sources */,
			);
			runOnlyForDeploymentPostprocessing = 0;
		};
		4D5D20C42585928D00A0A453 /* Sources */ = {
			isa = PBXSourcesBuildPhase;
			buildActionMask = 2147483647;
			files = (
				4D5D20CD2585928D00A0A453 /* NearbyUITests.swift in Sources */,
			);
			runOnlyForDeploymentPostprocessing = 0;
		};
/* End PBXSourcesBuildPhase section */

/* Begin PBXTargetDependency section */
		4D5D20BF2585928D00A0A453 /* PBXTargetDependency */ = {
			isa = PBXTargetDependency;
			target = 4D5D20A62585928B00A0A453 /* Nearby */;
			targetProxy = 4D5D20BE2585928D00A0A453 /* PBXContainerItemProxy */;
		};
		4D5D20CA2585928D00A0A453 /* PBXTargetDependency */ = {
			isa = PBXTargetDependency;
			target = 4D5D20A62585928B00A0A453 /* Nearby */;
			targetProxy = 4D5D20C92585928D00A0A453 /* PBXContainerItemProxy */;
		};
/* End PBXTargetDependency section */

/* Begin PBXVariantGroup section */
		4D5D20B52585928C00A0A453 /* LaunchScreen.storyboard */ = {
			isa = PBXVariantGroup;
			children = (
				4D5D20B62585928C00A0A453 /* Base */,
				4DE877452587172000A52B08 /* pt-BR */,
			);
			name = LaunchScreen.storyboard;
			sourceTree = "<group>";
		};
		4DE877312587130900A52B08 /* Localizable.strings */ = {
			isa = PBXVariantGroup;
			children = (
				4DE877322587130900A52B08 /* Base */,
				4DE8773C258714DA00A52B08 /* en */,
				4DE877462587172000A52B08 /* pt-BR */,
			);
			name = Localizable.strings;
			sourceTree = "<group>";
		};
/* End PBXVariantGroup section */

/* Begin XCBuildConfiguration section */
		4D5D20CF2585928D00A0A453 /* Debug */ = {
			isa = XCBuildConfiguration;
			buildSettings = {
				ALWAYS_SEARCH_USER_PATHS = NO;
				CLANG_ANALYZER_LOCALIZABILITY_NONLOCALIZED = YES;
				CLANG_ANALYZER_NONNULL = YES;
				CLANG_ANALYZER_NUMBER_OBJECT_CONVERSION = YES_AGGRESSIVE;
				CLANG_CXX_LANGUAGE_STANDARD = "gnu++14";
				CLANG_CXX_LIBRARY = "libc++";
				CLANG_ENABLE_MODULES = YES;
				CLANG_ENABLE_OBJC_ARC = YES;
				CLANG_ENABLE_OBJC_WEAK = YES;
				CLANG_WARN_BLOCK_CAPTURE_AUTORELEASING = YES;
				CLANG_WARN_BOOL_CONVERSION = YES;
				CLANG_WARN_COMMA = YES;
				CLANG_WARN_CONSTANT_CONVERSION = YES;
				CLANG_WARN_DEPRECATED_OBJC_IMPLEMENTATIONS = YES;
				CLANG_WARN_DIRECT_OBJC_ISA_USAGE = YES_ERROR;
				CLANG_WARN_DOCUMENTATION_COMMENTS = YES;
				CLANG_WARN_EMPTY_BODY = YES;
				CLANG_WARN_ENUM_CONVERSION = YES;
				CLANG_WARN_INFINITE_RECURSION = YES;
				CLANG_WARN_INT_CONVERSION = YES;
				CLANG_WARN_NON_LITERAL_NULL_CONVERSION = YES;
				CLANG_WARN_OBJC_IMPLICIT_RETAIN_SELF = YES;
				CLANG_WARN_OBJC_LITERAL_CONVERSION = YES;
				CLANG_WARN_OBJC_ROOT_CLASS = YES_ERROR;
				CLANG_WARN_QUOTED_INCLUDE_IN_FRAMEWORK_HEADER = YES;
				CLANG_WARN_RANGE_LOOP_ANALYSIS = YES;
				CLANG_WARN_STRICT_PROTOTYPES = YES;
				CLANG_WARN_SUSPICIOUS_MOVE = YES;
				CLANG_WARN_UNGUARDED_AVAILABILITY = YES_AGGRESSIVE;
				CLANG_WARN_UNREACHABLE_CODE = YES;
				CLANG_WARN__DUPLICATE_METHOD_MATCH = YES;
				COPY_PHASE_STRIP = NO;
				DEBUG_INFORMATION_FORMAT = dwarf;
				ENABLE_STRICT_OBJC_MSGSEND = YES;
				ENABLE_TESTABILITY = YES;
				GCC_C_LANGUAGE_STANDARD = gnu11;
				GCC_DYNAMIC_NO_PIC = NO;
				GCC_NO_COMMON_BLOCKS = YES;
				GCC_OPTIMIZATION_LEVEL = 0;
				GCC_PREPROCESSOR_DEFINITIONS = (
					"DEBUG=1",
					"$(inherited)",
				);
				GCC_WARN_64_TO_32_BIT_CONVERSION = YES;
				GCC_WARN_ABOUT_RETURN_TYPE = YES_ERROR;
				GCC_WARN_UNDECLARED_SELECTOR = YES;
				GCC_WARN_UNINITIALIZED_AUTOS = YES_AGGRESSIVE;
				GCC_WARN_UNUSED_FUNCTION = YES;
				GCC_WARN_UNUSED_VARIABLE = YES;
				IPHONEOS_DEPLOYMENT_TARGET = 13.0;
				MTL_ENABLE_DEBUG_INFO = INCLUDE_SOURCE;
				MTL_FAST_MATH = YES;
				ONLY_ACTIVE_ARCH = YES;
				SDKROOT = iphoneos;
				SWIFT_ACTIVE_COMPILATION_CONDITIONS = DEBUG;
				"SWIFT_ACTIVE_COMPILATION_CONDITIONS[arch=*]" = UNIT_TEST;
				SWIFT_OPTIMIZATION_LEVEL = "-Onone";
			};
			name = Debug;
		};
		4D5D20D02585928D00A0A453 /* Release */ = {
			isa = XCBuildConfiguration;
			buildSettings = {
				ALWAYS_SEARCH_USER_PATHS = NO;
				CLANG_ANALYZER_LOCALIZABILITY_NONLOCALIZED = YES;
				CLANG_ANALYZER_NONNULL = YES;
				CLANG_ANALYZER_NUMBER_OBJECT_CONVERSION = YES_AGGRESSIVE;
				CLANG_CXX_LANGUAGE_STANDARD = "gnu++14";
				CLANG_CXX_LIBRARY = "libc++";
				CLANG_ENABLE_MODULES = YES;
				CLANG_ENABLE_OBJC_ARC = YES;
				CLANG_ENABLE_OBJC_WEAK = YES;
				CLANG_WARN_BLOCK_CAPTURE_AUTORELEASING = YES;
				CLANG_WARN_BOOL_CONVERSION = YES;
				CLANG_WARN_COMMA = YES;
				CLANG_WARN_CONSTANT_CONVERSION = YES;
				CLANG_WARN_DEPRECATED_OBJC_IMPLEMENTATIONS = YES;
				CLANG_WARN_DIRECT_OBJC_ISA_USAGE = YES_ERROR;
				CLANG_WARN_DOCUMENTATION_COMMENTS = YES;
				CLANG_WARN_EMPTY_BODY = YES;
				CLANG_WARN_ENUM_CONVERSION = YES;
				CLANG_WARN_INFINITE_RECURSION = YES;
				CLANG_WARN_INT_CONVERSION = YES;
				CLANG_WARN_NON_LITERAL_NULL_CONVERSION = YES;
				CLANG_WARN_OBJC_IMPLICIT_RETAIN_SELF = YES;
				CLANG_WARN_OBJC_LITERAL_CONVERSION = YES;
				CLANG_WARN_OBJC_ROOT_CLASS = YES_ERROR;
				CLANG_WARN_QUOTED_INCLUDE_IN_FRAMEWORK_HEADER = YES;
				CLANG_WARN_RANGE_LOOP_ANALYSIS = YES;
				CLANG_WARN_STRICT_PROTOTYPES = YES;
				CLANG_WARN_SUSPICIOUS_MOVE = YES;
				CLANG_WARN_UNGUARDED_AVAILABILITY = YES_AGGRESSIVE;
				CLANG_WARN_UNREACHABLE_CODE = YES;
				CLANG_WARN__DUPLICATE_METHOD_MATCH = YES;
				COPY_PHASE_STRIP = NO;
				DEBUG_INFORMATION_FORMAT = "dwarf-with-dsym";
				ENABLE_NS_ASSERTIONS = NO;
				ENABLE_STRICT_OBJC_MSGSEND = YES;
				GCC_C_LANGUAGE_STANDARD = gnu11;
				GCC_NO_COMMON_BLOCKS = YES;
				GCC_WARN_64_TO_32_BIT_CONVERSION = YES;
				GCC_WARN_ABOUT_RETURN_TYPE = YES_ERROR;
				GCC_WARN_UNDECLARED_SELECTOR = YES;
				GCC_WARN_UNINITIALIZED_AUTOS = YES_AGGRESSIVE;
				GCC_WARN_UNUSED_FUNCTION = YES;
				GCC_WARN_UNUSED_VARIABLE = YES;
				IPHONEOS_DEPLOYMENT_TARGET = 13.0;
				MTL_ENABLE_DEBUG_INFO = NO;
				MTL_FAST_MATH = YES;
				SDKROOT = iphoneos;
				SWIFT_COMPILATION_MODE = wholemodule;
				SWIFT_OPTIMIZATION_LEVEL = "-O";
				VALIDATE_PRODUCT = YES;
			};
			name = Release;
		};
		4D5D20D22585928D00A0A453 /* Debug */ = {
			isa = XCBuildConfiguration;
			buildSettings = {
				ASSETCATALOG_COMPILER_APPICON_NAME = AppIcon;
				ASSETCATALOG_COMPILER_GLOBAL_ACCENT_COLOR_NAME = AccentColor;
				CODE_SIGN_STYLE = Automatic;
				CURRENT_PROJECT_VERSION = 0;
				DEVELOPMENT_TEAM = TTSKDZ455K;
				ENABLE_TESTING_SEARCH_PATHS = YES;
				"GCC_PREPROCESSOR_DEFINITIONS[arch=*]" = "UNIT_TEST=0";
				INFOPLIST_FILE = Nearby/Info.plist;
				LD_RUNPATH_SEARCH_PATHS = (
					"$(inherited)",
					"@executable_path/Frameworks",
				);
				MARKETING_VERSION = 1.0;
				OTHER_LDFLAGS = "";
				OTHER_SWIFT_FLAGS = "";
				PRODUCT_BUNDLE_IDENTIFIER = com.thiagocenturion.Nearby;
				PRODUCT_NAME = "$(TARGET_NAME)";
				SWIFT_VERSION = 5.0;
				TARGETED_DEVICE_FAMILY = 1;
			};
			name = Debug;
		};
		4D5D20D32585928D00A0A453 /* Release */ = {
			isa = XCBuildConfiguration;
			buildSettings = {
				ASSETCATALOG_COMPILER_APPICON_NAME = AppIcon;
				ASSETCATALOG_COMPILER_GLOBAL_ACCENT_COLOR_NAME = AccentColor;
				CODE_SIGN_STYLE = Automatic;
				CURRENT_PROJECT_VERSION = 0;
				DEVELOPMENT_TEAM = TTSKDZ455K;
				ENABLE_TESTING_SEARCH_PATHS = YES;
				INFOPLIST_FILE = Nearby/Info.plist;
				LD_RUNPATH_SEARCH_PATHS = (
					"$(inherited)",
					"@executable_path/Frameworks",
				);
				MARKETING_VERSION = 1.0;
				OTHER_LDFLAGS = "";
				OTHER_SWIFT_FLAGS = "";
				PRODUCT_BUNDLE_IDENTIFIER = com.thiagocenturion.Nearby;
				PRODUCT_NAME = "$(TARGET_NAME)";
				SWIFT_VERSION = 5.0;
				TARGETED_DEVICE_FAMILY = 1;
			};
			name = Release;
		};
		4D5D20D52585928D00A0A453 /* Debug */ = {
			isa = XCBuildConfiguration;
			buildSettings = {
				ALWAYS_EMBED_SWIFT_STANDARD_LIBRARIES = YES;
				BUNDLE_LOADER = "$(TEST_HOST)";
				CODE_SIGN_STYLE = Automatic;
				DEVELOPMENT_TEAM = TTSKDZ455K;
				ENABLE_TESTING_SEARCH_PATHS = YES;
				"GCC_PREPROCESSOR_DEFINITIONS[arch=*]" = "UNIT_TEST=1";
				INFOPLIST_FILE = NearbyTests/Info.plist;
				IPHONEOS_DEPLOYMENT_TARGET = 14.2;
				LD_RUNPATH_SEARCH_PATHS = (
					"$(inherited)",
					"@executable_path/Frameworks",
					"@loader_path/Frameworks",
				);
				OTHER_LDFLAGS = "";
				PRODUCT_BUNDLE_IDENTIFIER = com.thiagocenturion.NearbyTests;
				PRODUCT_NAME = "$(TARGET_NAME)";
				SWIFT_ACTIVE_COMPILATION_CONDITIONS = DEBUG;
				SWIFT_VERSION = 5.0;
				TARGETED_DEVICE_FAMILY = "1,2";
				TEST_HOST = "$(BUILT_PRODUCTS_DIR)/Nearby.app/Nearby";
			};
			name = Debug;
		};
		4D5D20D62585928D00A0A453 /* Release */ = {
			isa = XCBuildConfiguration;
			buildSettings = {
				ALWAYS_EMBED_SWIFT_STANDARD_LIBRARIES = YES;
				BUNDLE_LOADER = "$(TEST_HOST)";
				CODE_SIGN_STYLE = Automatic;
				DEVELOPMENT_TEAM = TTSKDZ455K;
				ENABLE_TESTING_SEARCH_PATHS = YES;
				INFOPLIST_FILE = NearbyTests/Info.plist;
				IPHONEOS_DEPLOYMENT_TARGET = 14.2;
				LD_RUNPATH_SEARCH_PATHS = (
					"$(inherited)",
					"@executable_path/Frameworks",
					"@loader_path/Frameworks",
				);
				OTHER_LDFLAGS = "";
				PRODUCT_BUNDLE_IDENTIFIER = com.thiagocenturion.NearbyTests;
				PRODUCT_NAME = "$(TARGET_NAME)";
				SWIFT_VERSION = 5.0;
				TARGETED_DEVICE_FAMILY = "1,2";
				TEST_HOST = "$(BUILT_PRODUCTS_DIR)/Nearby.app/Nearby";
			};
			name = Release;
		};
		4D5D20D82585928D00A0A453 /* Debug */ = {
			isa = XCBuildConfiguration;
			buildSettings = {
				ALWAYS_EMBED_SWIFT_STANDARD_LIBRARIES = YES;
				CODE_SIGN_STYLE = Automatic;
				DEVELOPMENT_TEAM = TTSKDZ455K;
				"GCC_PREPROCESSOR_DEFINITIONS[arch=*]" = "UNIT_TEST=1";
				INFOPLIST_FILE = NearbyUITests/Info.plist;
				LD_RUNPATH_SEARCH_PATHS = (
					"$(inherited)",
					"@executable_path/Frameworks",
					"@loader_path/Frameworks",
				);
				PRODUCT_BUNDLE_IDENTIFIER = com.thiagocenturion.NearbyUITests;
				PRODUCT_NAME = "$(TARGET_NAME)";
				SWIFT_VERSION = 5.0;
				TARGETED_DEVICE_FAMILY = "1,2";
				TEST_TARGET_NAME = Nearby;
			};
			name = Debug;
		};
		4D5D20D92585928D00A0A453 /* Release */ = {
			isa = XCBuildConfiguration;
			buildSettings = {
				ALWAYS_EMBED_SWIFT_STANDARD_LIBRARIES = YES;
				CODE_SIGN_STYLE = Automatic;
				DEVELOPMENT_TEAM = TTSKDZ455K;
				INFOPLIST_FILE = NearbyUITests/Info.plist;
				LD_RUNPATH_SEARCH_PATHS = (
					"$(inherited)",
					"@executable_path/Frameworks",
					"@loader_path/Frameworks",
				);
				PRODUCT_BUNDLE_IDENTIFIER = com.thiagocenturion.NearbyUITests;
				PRODUCT_NAME = "$(TARGET_NAME)";
				SWIFT_VERSION = 5.0;
				TARGETED_DEVICE_FAMILY = "1,2";
				TEST_TARGET_NAME = Nearby;
			};
			name = Release;
		};
/* End XCBuildConfiguration section */

/* Begin XCConfigurationList section */
		4D5D20A22585928B00A0A453 /* Build configuration list for PBXProject "Nearby" */ = {
			isa = XCConfigurationList;
			buildConfigurations = (
				4D5D20CF2585928D00A0A453 /* Debug */,
				4D5D20D02585928D00A0A453 /* Release */,
			);
			defaultConfigurationIsVisible = 0;
			defaultConfigurationName = Release;
		};
		4D5D20D12585928D00A0A453 /* Build configuration list for PBXNativeTarget "Nearby" */ = {
			isa = XCConfigurationList;
			buildConfigurations = (
				4D5D20D22585928D00A0A453 /* Debug */,
				4D5D20D32585928D00A0A453 /* Release */,
			);
			defaultConfigurationIsVisible = 0;
			defaultConfigurationName = Release;
		};
		4D5D20D42585928D00A0A453 /* Build configuration list for PBXNativeTarget "NearbyTests" */ = {
			isa = XCConfigurationList;
			buildConfigurations = (
				4D5D20D52585928D00A0A453 /* Debug */,
				4D5D20D62585928D00A0A453 /* Release */,
			);
			defaultConfigurationIsVisible = 0;
			defaultConfigurationName = Release;
		};
		4D5D20D72585928D00A0A453 /* Build configuration list for PBXNativeTarget "NearbyUITests" */ = {
			isa = XCConfigurationList;
			buildConfigurations = (
				4D5D20D82585928D00A0A453 /* Debug */,
				4D5D20D92585928D00A0A453 /* Release */,
			);
			defaultConfigurationIsVisible = 0;
			defaultConfigurationName = Release;
		};
/* End XCConfigurationList section */

/* Begin XCRemoteSwiftPackageReference section */
		4D1472782585B0340006C3CE /* XCRemoteSwiftPackageReference "SwiftyJSON" */ = {
			isa = XCRemoteSwiftPackageReference;
			repositoryURL = "https://github.com/SwiftyJSON/SwiftyJSON.git";
			requirement = {
				kind = upToNextMajorVersion;
				minimumVersion = 5.0.0;
			};
		};
		4D2784BE2588802B00B6A79A /* XCRemoteSwiftPackageReference "Quick" */ = {
			isa = XCRemoteSwiftPackageReference;
			repositoryURL = "https://github.com/Quick/Quick";
			requirement = {
				kind = upToNextMajorVersion;
				minimumVersion = 3.0.0;
			};
		};
		4D2784C42588803A00B6A79A /* XCRemoteSwiftPackageReference "Nimble" */ = {
			isa = XCRemoteSwiftPackageReference;
			repositoryURL = "https://github.com/Quick/Nimble";
			requirement = {
				kind = upToNextMajorVersion;
				minimumVersion = 9.0.0;
			};
		};
		4DEAF55625897D3B0069B991 /* XCRemoteSwiftPackageReference "RxSwift" */ = {
			isa = XCRemoteSwiftPackageReference;
			repositoryURL = "https://github.com/ReactiveX/RxSwift.git";
			requirement = {
				kind = upToNextMajorVersion;
				minimumVersion = 5.1.1;
			};
		};
/* End XCRemoteSwiftPackageReference section */

/* Begin XCSwiftPackageProductDependency section */
		4D1472792585B0340006C3CE /* SwiftyJSON */ = {
			isa = XCSwiftPackageProductDependency;
			package = 4D1472782585B0340006C3CE /* XCRemoteSwiftPackageReference "SwiftyJSON" */;
			productName = SwiftyJSON;
		};
		4D2784BF2588802B00B6A79A /* Quick */ = {
			isa = XCSwiftPackageProductDependency;
			package = 4D2784BE2588802B00B6A79A /* XCRemoteSwiftPackageReference "Quick" */;
			productName = Quick;
		};
		4D2784C52588803A00B6A79A /* Nimble */ = {
			isa = XCSwiftPackageProductDependency;
			package = 4D2784C42588803A00B6A79A /* XCRemoteSwiftPackageReference "Nimble" */;
			productName = Nimble;
		};
		4DEAF55725897D3B0069B991 /* RxSwift */ = {
			isa = XCSwiftPackageProductDependency;
			package = 4DEAF55625897D3B0069B991 /* XCRemoteSwiftPackageReference "RxSwift" */;
			productName = RxSwift;
		};
		4DEAF55B25897D3B0069B991 /* RxRelay */ = {
			isa = XCSwiftPackageProductDependency;
			package = 4DEAF55625897D3B0069B991 /* XCRemoteSwiftPackageReference "RxSwift" */;
			productName = RxRelay;
		};
		4DEAF55D25897D3B0069B991 /* RxCocoa */ = {
			isa = XCSwiftPackageProductDependency;
			package = 4DEAF55625897D3B0069B991 /* XCRemoteSwiftPackageReference "RxSwift" */;
			productName = RxCocoa;
		};
/* End XCSwiftPackageProductDependency section */
	};
	rootObject = 4D5D209F2585928B00A0A453 /* Project object */;
}
