// !$*UTF8*$!
{
	archiveVersion = 1;
	classes = {
	};
	objectVersion = 52;
	objects = {

/* Begin PBXBuildFile section */
		4D14727A2585B0340006C3CE /* SwiftyJSON in Frameworks */ = {isa = PBXBuildFile; productRef = 4D1472792585B0340006C3CE /* SwiftyJSON */; };
		4D30042A2585BE7C00782708 /* RxSwift in Frameworks */ = {isa = PBXBuildFile; productRef = 4D3004292585BE7C00782708 /* RxSwift */; };
		4D30042C2585BE7C00782708 /* RxTest in Frameworks */ = {isa = PBXBuildFile; productRef = 4D30042B2585BE7C00782708 /* RxTest */; };
		4D30042E2585BE7C00782708 /* RxRelay in Frameworks */ = {isa = PBXBuildFile; productRef = 4D30042D2585BE7C00782708 /* RxRelay */; };
		4D3004302585BE7C00782708 /* RxCocoa in Frameworks */ = {isa = PBXBuildFile; productRef = 4D30042F2585BE7C00782708 /* RxCocoa */; };
		4D3004322585BE7C00782708 /* RxBlocking in Frameworks */ = {isa = PBXBuildFile; productRef = 4D3004312585BE7C00782708 /* RxBlocking */; };
		4D30043D2585C61B00782708 /* RequestAddressCoordinator.swift in Sources */ = {isa = PBXBuildFile; fileRef = 4D30043C2585C61B00782708 /* RequestAddressCoordinator.swift */; };
		4D3004462585C7EE00782708 /* RequestAddressViewController.swift in Sources */ = {isa = PBXBuildFile; fileRef = 4D3004442585C7EE00782708 /* RequestAddressViewController.swift */; };
		4D3004472585C7EE00782708 /* RequestAddressViewController.xib in Resources */ = {isa = PBXBuildFile; fileRef = 4D3004452585C7EE00782708 /* RequestAddressViewController.xib */; };
		4D30044C2585C81B00782708 /* RequestAddressViewModel.swift in Sources */ = {isa = PBXBuildFile; fileRef = 4D30044B2585C81B00782708 /* RequestAddressViewModel.swift */; };
		4D5D20AB2585928B00A0A453 /* AppDelegate.swift in Sources */ = {isa = PBXBuildFile; fileRef = 4D5D20AA2585928B00A0A453 /* AppDelegate.swift */; };
		4D5D20AD2585928B00A0A453 /* SceneDelegate.swift in Sources */ = {isa = PBXBuildFile; fileRef = 4D5D20AC2585928B00A0A453 /* SceneDelegate.swift */; };
		4D5D20B42585928C00A0A453 /* Assets.xcassets in Resources */ = {isa = PBXBuildFile; fileRef = 4D5D20B32585928C00A0A453 /* Assets.xcassets */; };
		4D5D20B72585928C00A0A453 /* LaunchScreen.storyboard in Resources */ = {isa = PBXBuildFile; fileRef = 4D5D20B52585928C00A0A453 /* LaunchScreen.storyboard */; };
		4D5D20C22585928D00A0A453 /* NearbyTests.swift in Sources */ = {isa = PBXBuildFile; fileRef = 4D5D20C12585928D00A0A453 /* NearbyTests.swift */; };
		4D5D20CD2585928D00A0A453 /* NearbyUITests.swift in Sources */ = {isa = PBXBuildFile; fileRef = 4D5D20CC2585928D00A0A453 /* NearbyUITests.swift */; };
		4D5D20F225859FAD00A0A453 /* BaseCoordinator.swift in Sources */ = {isa = PBXBuildFile; fileRef = 4D5D20F125859FAD00A0A453 /* BaseCoordinator.swift */; };
		4D5D20F82585A03600A0A453 /* AppCoordinator.swift in Sources */ = {isa = PBXBuildFile; fileRef = 4D5D20F72585A03600A0A453 /* AppCoordinator.swift */; };
		4D5D210D2585A35600A0A453 /* Address.swift in Sources */ = {isa = PBXBuildFile; fileRef = 4D5D210C2585A35600A0A453 /* Address.swift */; };
		4D5D21152585A7DD00A0A453 /* Location.swift in Sources */ = {isa = PBXBuildFile; fileRef = 4D5D21142585A7DD00A0A453 /* Location.swift */; };
/* End PBXBuildFile section */

/* Begin PBXContainerItemProxy section */
		4D5D20BE2585928D00A0A453 /* PBXContainerItemProxy */ = {
			isa = PBXContainerItemProxy;
			containerPortal = 4D5D209F2585928B00A0A453 /* Project object */;
			proxyType = 1;
			remoteGlobalIDString = 4D5D20A62585928B00A0A453;
			remoteInfo = Nearby;
		};
		4D5D20C92585928D00A0A453 /* PBXContainerItemProxy */ = {
			isa = PBXContainerItemProxy;
			containerPortal = 4D5D209F2585928B00A0A453 /* Project object */;
			proxyType = 1;
			remoteGlobalIDString = 4D5D20A62585928B00A0A453;
			remoteInfo = Nearby;
		};
/* End PBXContainerItemProxy section */

/* Begin PBXFileReference section */
		4D30043C2585C61B00782708 /* RequestAddressCoordinator.swift */ = {isa = PBXFileReference; lastKnownFileType = sourcecode.swift; path = RequestAddressCoordinator.swift; sourceTree = "<group>"; };
		4D3004442585C7EE00782708 /* RequestAddressViewController.swift */ = {isa = PBXFileReference; lastKnownFileType = sourcecode.swift; path = RequestAddressViewController.swift; sourceTree = "<group>"; };
		4D3004452585C7EE00782708 /* RequestAddressViewController.xib */ = {isa = PBXFileReference; lastKnownFileType = file.xib; path = RequestAddressViewController.xib; sourceTree = "<group>"; };
		4D30044B2585C81B00782708 /* RequestAddressViewModel.swift */ = {isa = PBXFileReference; lastKnownFileType = sourcecode.swift; path = RequestAddressViewModel.swift; sourceTree = "<group>"; };
		4D5D20A72585928B00A0A453 /* Nearby.app */ = {isa = PBXFileReference; explicitFileType = wrapper.application; includeInIndex = 0; path = Nearby.app; sourceTree = BUILT_PRODUCTS_DIR; };
		4D5D20AA2585928B00A0A453 /* AppDelegate.swift */ = {isa = PBXFileReference; lastKnownFileType = sourcecode.swift; path = AppDelegate.swift; sourceTree = "<group>"; };
		4D5D20AC2585928B00A0A453 /* SceneDelegate.swift */ = {isa = PBXFileReference; lastKnownFileType = sourcecode.swift; path = SceneDelegate.swift; sourceTree = "<group>"; };
		4D5D20B32585928C00A0A453 /* Assets.xcassets */ = {isa = PBXFileReference; lastKnownFileType = folder.assetcatalog; path = Assets.xcassets; sourceTree = "<group>"; };
		4D5D20B62585928C00A0A453 /* Base */ = {isa = PBXFileReference; lastKnownFileType = file.storyboard; name = Base; path = Base.lproj/LaunchScreen.storyboard; sourceTree = "<group>"; };
		4D5D20B82585928C00A0A453 /* Info.plist */ = {isa = PBXFileReference; lastKnownFileType = text.plist.xml; path = Info.plist; sourceTree = "<group>"; };
		4D5D20BD2585928D00A0A453 /* NearbyTests.xctest */ = {isa = PBXFileReference; explicitFileType = wrapper.cfbundle; includeInIndex = 0; path = NearbyTests.xctest; sourceTree = BUILT_PRODUCTS_DIR; };
		4D5D20C12585928D00A0A453 /* NearbyTests.swift */ = {isa = PBXFileReference; lastKnownFileType = sourcecode.swift; path = NearbyTests.swift; sourceTree = "<group>"; };
		4D5D20C32585928D00A0A453 /* Info.plist */ = {isa = PBXFileReference; lastKnownFileType = text.plist.xml; path = Info.plist; sourceTree = "<group>"; };
		4D5D20C82585928D00A0A453 /* NearbyUITests.xctest */ = {isa = PBXFileReference; explicitFileType = wrapper.cfbundle; includeInIndex = 0; path = NearbyUITests.xctest; sourceTree = BUILT_PRODUCTS_DIR; };
		4D5D20CC2585928D00A0A453 /* NearbyUITests.swift */ = {isa = PBXFileReference; lastKnownFileType = sourcecode.swift; path = NearbyUITests.swift; sourceTree = "<group>"; };
		4D5D20CE2585928D00A0A453 /* Info.plist */ = {isa = PBXFileReference; lastKnownFileType = text.plist.xml; path = Info.plist; sourceTree = "<group>"; };
		4D5D20F125859FAD00A0A453 /* BaseCoordinator.swift */ = {isa = PBXFileReference; lastKnownFileType = sourcecode.swift; path = BaseCoordinator.swift; sourceTree = "<group>"; };
		4D5D20F72585A03600A0A453 /* AppCoordinator.swift */ = {isa = PBXFileReference; lastKnownFileType = sourcecode.swift; path = AppCoordinator.swift; sourceTree = "<group>"; };
		4D5D210C2585A35600A0A453 /* Address.swift */ = {isa = PBXFileReference; lastKnownFileType = sourcecode.swift; path = Address.swift; sourceTree = "<group>"; };
		4D5D21142585A7DD00A0A453 /* Location.swift */ = {isa = PBXFileReference; lastKnownFileType = sourcecode.swift; path = Location.swift; sourceTree = "<group>"; };
/* End PBXFileReference section */

/* Begin PBXFrameworksBuildPhase section */
		4D5D20A42585928B00A0A453 /* Frameworks */ = {
			isa = PBXFrameworksBuildPhase;
			buildActionMask = 2147483647;
			files = (
				4D30042E2585BE7C00782708 /* RxRelay in Frameworks */,
				4D30042A2585BE7C00782708 /* RxSwift in Frameworks */,
				4D3004302585BE7C00782708 /* RxCocoa in Frameworks */,
				4D14727A2585B0340006C3CE /* SwiftyJSON in Frameworks */,
				4D3004322585BE7C00782708 /* RxBlocking in Frameworks */,
			);
			runOnlyForDeploymentPostprocessing = 0;
		};
		4D5D20BA2585928D00A0A453 /* Frameworks */ = {
			isa = PBXFrameworksBuildPhase;
			buildActionMask = 2147483647;
			files = (
				4D30042C2585BE7C00782708 /* RxTest in Frameworks */,
			);
			runOnlyForDeploymentPostprocessing = 0;
		};
		4D5D20C52585928D00A0A453 /* Frameworks */ = {
			isa = PBXFrameworksBuildPhase;
			buildActionMask = 2147483647;
			files = (
			);
			runOnlyForDeploymentPostprocessing = 0;
		};
/* End PBXFrameworksBuildPhase section */

/* Begin PBXGroup section */
		4D30043A2585C5FE00782708 /* Coordinator */ = {
			isa = PBXGroup;
			children = (
				4D30043C2585C61B00782708 /* RequestAddressCoordinator.swift */,
			);
			path = Coordinator;
			sourceTree = "<group>";
		};
		4D30043B2585C60300782708 /* ViewModel */ = {
			isa = PBXGroup;
			children = (
				4D30044B2585C81B00782708 /* RequestAddressViewModel.swift */,
			);
			path = ViewModel;
			sourceTree = "<group>";
		};
		4D5D209E2585928B00A0A453 = {
			isa = PBXGroup;
			children = (
				4D5D20A92585928B00A0A453 /* Nearby */,
				4D5D20C02585928D00A0A453 /* NearbyTests */,
				4D5D20CB2585928D00A0A453 /* NearbyUITests */,
				4D5D20A82585928B00A0A453 /* Products */,
			);
			sourceTree = "<group>";
		};
		4D5D20A82585928B00A0A453 /* Products */ = {
			isa = PBXGroup;
			children = (
				4D5D20A72585928B00A0A453 /* Nearby.app */,
				4D5D20BD2585928D00A0A453 /* NearbyTests.xctest */,
				4D5D20C82585928D00A0A453 /* NearbyUITests.xctest */,
			);
			name = Products;
			sourceTree = "<group>";
		};
		4D5D20A92585928B00A0A453 /* Nearby */ = {
			isa = PBXGroup;
			children = (
				4D5D20B82585928C00A0A453 /* Info.plist */,
				4D5D20E025859B7700A0A453 /* App */,
				4D5D20E125859B8100A0A453 /* Supporting Files */,
			);
			path = Nearby;
			sourceTree = "<group>";
		};
		4D5D20C02585928D00A0A453 /* NearbyTests */ = {
			isa = PBXGroup;
			children = (
				4D5D20C12585928D00A0A453 /* NearbyTests.swift */,
				4D5D20C32585928D00A0A453 /* Info.plist */,
			);
			path = NearbyTests;
			sourceTree = "<group>";
		};
		4D5D20CB2585928D00A0A453 /* NearbyUITests */ = {
			isa = PBXGroup;
			children = (
				4D5D20CC2585928D00A0A453 /* NearbyUITests.swift */,
				4D5D20CE2585928D00A0A453 /* Info.plist */,
			);
			path = NearbyUITests;
			sourceTree = "<group>";
		};
		4D5D20E025859B7700A0A453 /* App */ = {
			isa = PBXGroup;
			children = (
				4D5D20F72585A03600A0A453 /* AppCoordinator.swift */,
				4D5D20AA2585928B00A0A453 /* AppDelegate.swift */,
				4D5D20AC2585928B00A0A453 /* SceneDelegate.swift */,
				4D5D20E325859DB300A0A453 /* Domains */,
				4D5D20E425859DD400A0A453 /* Features */,
				4D5D20EF25859F8200A0A453 /* Utils */,
			);
			path = App;
			sourceTree = "<group>";
		};
		4D5D20E125859B8100A0A453 /* Supporting Files */ = {
			isa = PBXGroup;
			children = (
				4D5D20B32585928C00A0A453 /* Assets.xcassets */,
				4D5D20B52585928C00A0A453 /* LaunchScreen.storyboard */,
			);
			path = "Supporting Files";
			sourceTree = "<group>";
		};
		4D5D20E325859DB300A0A453 /* Domains */ = {
			isa = PBXGroup;
			children = (
				4D5D210B2585A34C00A0A453 /* Address */,
			);
			path = Domains;
			sourceTree = "<group>";
		};
		4D5D20E425859DD400A0A453 /* Features */ = {
			isa = PBXGroup;
			children = (
				4D5D20E525859DF100A0A453 /* RequestAddress */,
			);
			path = Features;
			sourceTree = "<group>";
		};
		4D5D20E525859DF100A0A453 /* RequestAddress */ = {
			isa = PBXGroup;
			children = (
				4D30043A2585C5FE00782708 /* Coordinator */,
				4D5D20EA25859E6D00A0A453 /* View */,
				4D30043B2585C60300782708 /* ViewModel */,
			);
			path = RequestAddress;
			sourceTree = "<group>";
		};
		4D5D20EA25859E6D00A0A453 /* View */ = {
			isa = PBXGroup;
			children = (
				4D3004442585C7EE00782708 /* RequestAddressViewController.swift */,
				4D3004452585C7EE00782708 /* RequestAddressViewController.xib */,
			);
			path = View;
			sourceTree = "<group>";
		};
		4D5D20EF25859F8200A0A453 /* Utils */ = {
			isa = PBXGroup;
			children = (
				4D5D20F025859F8700A0A453 /* BaseCoordinator */,
			);
			path = Utils;
			sourceTree = "<group>";
		};
		4D5D20F025859F8700A0A453 /* BaseCoordinator */ = {
			isa = PBXGroup;
			children = (
				4D5D20F125859FAD00A0A453 /* BaseCoordinator.swift */,
			);
			path = BaseCoordinator;
			sourceTree = "<group>";
		};
		4D5D210B2585A34C00A0A453 /* Address */ = {
			isa = PBXGroup;
			children = (
				4D5D210C2585A35600A0A453 /* Address.swift */,
				4D5D21142585A7DD00A0A453 /* Location.swift */,
			);
			path = Address;
			sourceTree = "<group>";
		};
/* End PBXGroup section */

/* Begin PBXNativeTarget section */
		4D5D20A62585928B00A0A453 /* Nearby */ = {
			isa = PBXNativeTarget;
			buildConfigurationList = 4D5D20D12585928D00A0A453 /* Build configuration list for PBXNativeTarget "Nearby" */;
			buildPhases = (
				4D5D20A32585928B00A0A453 /* Sources */,
				4D5D20A42585928B00A0A453 /* Frameworks */,
				4D5D20A52585928B00A0A453 /* Resources */,
			);
			buildRules = (
			);
			dependencies = (
			);
			name = Nearby;
			packageProductDependencies = (
				4D1472792585B0340006C3CE /* SwiftyJSON */,
				4D3004292585BE7C00782708 /* RxSwift */,
				4D30042D2585BE7C00782708 /* RxRelay */,
				4D30042F2585BE7C00782708 /* RxCocoa */,
				4D3004312585BE7C00782708 /* RxBlocking */,
			);
			productName = Nearby;
			productReference = 4D5D20A72585928B00A0A453 /* Nearby.app */;
			productType = "com.apple.product-type.application";
		};
		4D5D20BC2585928D00A0A453 /* NearbyTests */ = {
			isa = PBXNativeTarget;
			buildConfigurationList = 4D5D20D42585928D00A0A453 /* Build configuration list for PBXNativeTarget "NearbyTests" */;
			buildPhases = (
				4D5D20B92585928D00A0A453 /* Sources */,
				4D5D20BA2585928D00A0A453 /* Frameworks */,
				4D5D20BB2585928D00A0A453 /* Resources */,
			);
			buildRules = (
			);
			dependencies = (
				4D5D20BF2585928D00A0A453 /* PBXTargetDependency */,
			);
			name = NearbyTests;
			packageProductDependencies = (
				4D30042B2585BE7C00782708 /* RxTest */,
			);
			productName = NearbyTests;
			productReference = 4D5D20BD2585928D00A0A453 /* NearbyTests.xctest */;
			productType = "com.apple.product-type.bundle.unit-test";
		};
		4D5D20C72585928D00A0A453 /* NearbyUITests */ = {
			isa = PBXNativeTarget;
			buildConfigurationList = 4D5D20D72585928D00A0A453 /* Build configuration list for PBXNativeTarget "NearbyUITests" */;
			buildPhases = (
				4D5D20C42585928D00A0A453 /* Sources */,
				4D5D20C52585928D00A0A453 /* Frameworks */,
				4D5D20C62585928D00A0A453 /* Resources */,
			);
			buildRules = (
			);
			dependencies = (
				4D5D20CA2585928D00A0A453 /* PBXTargetDependency */,
			);
			name = NearbyUITests;
			productName = NearbyUITests;
			productReference = 4D5D20C82585928D00A0A453 /* NearbyUITests.xctest */;
			productType = "com.apple.product-type.bundle.ui-testing";
		};
/* End PBXNativeTarget section */

/* Begin PBXProject section */
		4D5D209F2585928B00A0A453 /* Project object */ = {
			isa = PBXProject;
			attributes = {
				LastSwiftUpdateCheck = 1220;
				LastUpgradeCheck = 1220;
				TargetAttributes = {
					4D5D20A62585928B00A0A453 = {
						CreatedOnToolsVersion = 12.2;
					};
					4D5D20BC2585928D00A0A453 = {
						CreatedOnToolsVersion = 12.2;
						TestTargetID = 4D5D20A62585928B00A0A453;
					};
					4D5D20C72585928D00A0A453 = {
						CreatedOnToolsVersion = 12.2;
						TestTargetID = 4D5D20A62585928B00A0A453;
					};
				};
			};
			buildConfigurationList = 4D5D20A22585928B00A0A453 /* Build configuration list for PBXProject "Nearby" */;
			compatibilityVersion = "Xcode 9.3";
			developmentRegion = en;
			hasScannedForEncodings = 0;
			knownRegions = (
				en,
				Base,
			);
			mainGroup = 4D5D209E2585928B00A0A453;
			packageReferences = (
				4D1472782585B0340006C3CE /* XCRemoteSwiftPackageReference "SwiftyJSON" */,
				4D3004282585BE7C00782708 /* XCRemoteSwiftPackageReference "RxSwift" */,
			);
			productRefGroup = 4D5D20A82585928B00A0A453 /* Products */;
			projectDirPath = "";
			projectRoot = "";
			targets = (
				4D5D20A62585928B00A0A453 /* Nearby */,
				4D5D20BC2585928D00A0A453 /* NearbyTests */,
				4D5D20C72585928D00A0A453 /* NearbyUITests */,
			);
		};
/* End PBXProject section */

/* Begin PBXResourcesBuildPhase section */
		4D5D20A52585928B00A0A453 /* Resources */ = {
			isa = PBXResourcesBuildPhase;
			buildActionMask = 2147483647;
			files = (
				4D5D20B72585928C00A0A453 /* LaunchScreen.storyboard in Resources */,
				4D5D20B42585928C00A0A453 /* Assets.xcassets in Resources */,
				4D3004472585C7EE00782708 /* RequestAddressViewController.xib in Resources */,
			);
			runOnlyForDeploymentPostprocessing = 0;
		};
		4D5D20BB2585928D00A0A453 /* Resources */ = {
			isa = PBXResourcesBuildPhase;
			buildActionMask = 2147483647;
			files = (
			);
			runOnlyForDeploymentPostprocessing = 0;
		};
		4D5D20C62585928D00A0A453 /* Resources */ = {
			isa = PBXResourcesBuildPhase;
			buildActionMask = 2147483647;
			files = (
			);
			runOnlyForDeploymentPostprocessing = 0;
		};
/* End PBXResourcesBuildPhase section */

/* Begin PBXSourcesBuildPhase section */
		4D5D20A32585928B00A0A453 /* Sources */ = {
			isa = PBXSourcesBuildPhase;
			buildActionMask = 2147483647;
			files = (
				4D5D210D2585A35600A0A453 /* Address.swift in Sources */,
				4D5D20F225859FAD00A0A453 /* BaseCoordinator.swift in Sources */,
				4D5D20F82585A03600A0A453 /* AppCoordinator.swift in Sources */,
				4D5D20AB2585928B00A0A453 /* AppDelegate.swift in Sources */,
				4D30043D2585C61B00782708 /* RequestAddressCoordinator.swift in Sources */,
				4D30044C2585C81B00782708 /* RequestAddressViewModel.swift in Sources */,
				4D5D20AD2585928B00A0A453 /* SceneDelegate.swift in Sources */,
				4D5D21152585A7DD00A0A453 /* Location.swift in Sources */,
				4D3004462585C7EE00782708 /* RequestAddressViewController.swift in Sources */,
			);
			runOnlyForDeploymentPostprocessing = 0;
		};
		4D5D20B92585928D00A0A453 /* Sources */ = {
			isa = PBXSourcesBuildPhase;
			buildActionMask = 2147483647;
			files = (
				4D5D20C22585928D00A0A453 /* NearbyTests.swift in Sources */,
			);
			runOnlyForDeploymentPostprocessing = 0;
		};
		4D5D20C42585928D00A0A453 /* Sources */ = {
			isa = PBXSourcesBuildPhase;
			buildActionMask = 2147483647;
			files = (
				4D5D20CD2585928D00A0A453 /* NearbyUITests.swift in Sources */,
			);
			runOnlyForDeploymentPostprocessing = 0;
		};
/* End PBXSourcesBuildPhase section */

/* Begin PBXTargetDependency section */
		4D5D20BF2585928D00A0A453 /* PBXTargetDependency */ = {
			isa = PBXTargetDependency;
			target = 4D5D20A62585928B00A0A453 /* Nearby */;
			targetProxy = 4D5D20BE2585928D00A0A453 /* PBXContainerItemProxy */;
		};
		4D5D20CA2585928D00A0A453 /* PBXTargetDependency */ = {
			isa = PBXTargetDependency;
			target = 4D5D20A62585928B00A0A453 /* Nearby */;
			targetProxy = 4D5D20C92585928D00A0A453 /* PBXContainerItemProxy */;
		};
/* End PBXTargetDependency section */

/* Begin PBXVariantGroup section */
		4D5D20B52585928C00A0A453 /* LaunchScreen.storyboard */ = {
			isa = PBXVariantGroup;
			children = (
				4D5D20B62585928C00A0A453 /* Base */,
			);
			name = LaunchScreen.storyboard;
			sourceTree = "<group>";
		};
/* End PBXVariantGroup section */

/* Begin XCBuildConfiguration section */
		4D5D20CF2585928D00A0A453 /* Debug */ = {
			isa = XCBuildConfiguration;
			buildSettings = {
				ALWAYS_SEARCH_USER_PATHS = NO;
				CLANG_ANALYZER_NONNULL = YES;
				CLANG_ANALYZER_NUMBER_OBJECT_CONVERSION = YES_AGGRESSIVE;
				CLANG_CXX_LANGUAGE_STANDARD = "gnu++14";
				CLANG_CXX_LIBRARY = "libc++";
				CLANG_ENABLE_MODULES = YES;
				CLANG_ENABLE_OBJC_ARC = YES;
				CLANG_ENABLE_OBJC_WEAK = YES;
				CLANG_WARN_BLOCK_CAPTURE_AUTORELEASING = YES;
				CLANG_WARN_BOOL_CONVERSION = YES;
				CLANG_WARN_COMMA = YES;
				CLANG_WARN_CONSTANT_CONVERSION = YES;
				CLANG_WARN_DEPRECATED_OBJC_IMPLEMENTATIONS = YES;
				CLANG_WARN_DIRECT_OBJC_ISA_USAGE = YES_ERROR;
				CLANG_WARN_DOCUMENTATION_COMMENTS = YES;
				CLANG_WARN_EMPTY_BODY = YES;
				CLANG_WARN_ENUM_CONVERSION = YES;
				CLANG_WARN_INFINITE_RECURSION = YES;
				CLANG_WARN_INT_CONVERSION = YES;
				CLANG_WARN_NON_LITERAL_NULL_CONVERSION = YES;
				CLANG_WARN_OBJC_IMPLICIT_RETAIN_SELF = YES;
				CLANG_WARN_OBJC_LITERAL_CONVERSION = YES;
				CLANG_WARN_OBJC_ROOT_CLASS = YES_ERROR;
				CLANG_WARN_QUOTED_INCLUDE_IN_FRAMEWORK_HEADER = YES;
				CLANG_WARN_RANGE_LOOP_ANALYSIS = YES;
				CLANG_WARN_STRICT_PROTOTYPES = YES;
				CLANG_WARN_SUSPICIOUS_MOVE = YES;
				CLANG_WARN_UNGUARDED_AVAILABILITY = YES_AGGRESSIVE;
				CLANG_WARN_UNREACHABLE_CODE = YES;
				CLANG_WARN__DUPLICATE_METHOD_MATCH = YES;
				COPY_PHASE_STRIP = NO;
				DEBUG_INFORMATION_FORMAT = dwarf;
				ENABLE_STRICT_OBJC_MSGSEND = YES;
				ENABLE_TESTABILITY = YES;
				GCC_C_LANGUAGE_STANDARD = gnu11;
				GCC_DYNAMIC_NO_PIC = NO;
				GCC_NO_COMMON_BLOCKS = YES;
				GCC_OPTIMIZATION_LEVEL = 0;
				GCC_PREPROCESSOR_DEFINITIONS = (
					"DEBUG=1",
					"$(inherited)",
				);
				GCC_WARN_64_TO_32_BIT_CONVERSION = YES;
				GCC_WARN_ABOUT_RETURN_TYPE = YES_ERROR;
				GCC_WARN_UNDECLARED_SELECTOR = YES;
				GCC_WARN_UNINITIALIZED_AUTOS = YES_AGGRESSIVE;
				GCC_WARN_UNUSED_FUNCTION = YES;
				GCC_WARN_UNUSED_VARIABLE = YES;
				IPHONEOS_DEPLOYMENT_TARGET = 14.2;
				MTL_ENABLE_DEBUG_INFO = INCLUDE_SOURCE;
				MTL_FAST_MATH = YES;
				ONLY_ACTIVE_ARCH = YES;
				SDKROOT = iphoneos;
				SWIFT_ACTIVE_COMPILATION_CONDITIONS = DEBUG;
				SWIFT_OPTIMIZATION_LEVEL = "-Onone";
			};
			name = Debug;
		};
		4D5D20D02585928D00A0A453 /* Release */ = {
			isa = XCBuildConfiguration;
			buildSettings = {
				ALWAYS_SEARCH_USER_PATHS = NO;
				CLANG_ANALYZER_NONNULL = YES;
				CLANG_ANALYZER_NUMBER_OBJECT_CONVERSION = YES_AGGRESSIVE;
				CLANG_CXX_LANGUAGE_STANDARD = "gnu++14";
				CLANG_CXX_LIBRARY = "libc++";
				CLANG_ENABLE_MODULES = YES;
				CLANG_ENABLE_OBJC_ARC = YES;
				CLANG_ENABLE_OBJC_WEAK = YES;
				CLANG_WARN_BLOCK_CAPTURE_AUTORELEASING = YES;
				CLANG_WARN_BOOL_CONVERSION = YES;
				CLANG_WARN_COMMA = YES;
				CLANG_WARN_CONSTANT_CONVERSION = YES;
				CLANG_WARN_DEPRECATED_OBJC_IMPLEMENTATIONS = YES;
				CLANG_WARN_DIRECT_OBJC_ISA_USAGE = YES_ERROR;
				CLANG_WARN_DOCUMENTATION_COMMENTS = YES;
				CLANG_WARN_EMPTY_BODY = YES;
				CLANG_WARN_ENUM_CONVERSION = YES;
				CLANG_WARN_INFINITE_RECURSION = YES;
				CLANG_WARN_INT_CONVERSION = YES;
				CLANG_WARN_NON_LITERAL_NULL_CONVERSION = YES;
				CLANG_WARN_OBJC_IMPLICIT_RETAIN_SELF = YES;
				CLANG_WARN_OBJC_LITERAL_CONVERSION = YES;
				CLANG_WARN_OBJC_ROOT_CLASS = YES_ERROR;
				CLANG_WARN_QUOTED_INCLUDE_IN_FRAMEWORK_HEADER = YES;
				CLANG_WARN_RANGE_LOOP_ANALYSIS = YES;
				CLANG_WARN_STRICT_PROTOTYPES = YES;
				CLANG_WARN_SUSPICIOUS_MOVE = YES;
				CLANG_WARN_UNGUARDED_AVAILABILITY = YES_AGGRESSIVE;
				CLANG_WARN_UNREACHABLE_CODE = YES;
				CLANG_WARN__DUPLICATE_METHOD_MATCH = YES;
				COPY_PHASE_STRIP = NO;
				DEBUG_INFORMATION_FORMAT = "dwarf-with-dsym";
				ENABLE_NS_ASSERTIONS = NO;
				ENABLE_STRICT_OBJC_MSGSEND = YES;
				GCC_C_LANGUAGE_STANDARD = gnu11;
				GCC_NO_COMMON_BLOCKS = YES;
				GCC_WARN_64_TO_32_BIT_CONVERSION = YES;
				GCC_WARN_ABOUT_RETURN_TYPE = YES_ERROR;
				GCC_WARN_UNDECLARED_SELECTOR = YES;
				GCC_WARN_UNINITIALIZED_AUTOS = YES_AGGRESSIVE;
				GCC_WARN_UNUSED_FUNCTION = YES;
				GCC_WARN_UNUSED_VARIABLE = YES;
				IPHONEOS_DEPLOYMENT_TARGET = 14.2;
				MTL_ENABLE_DEBUG_INFO = NO;
				MTL_FAST_MATH = YES;
				SDKROOT = iphoneos;
				SWIFT_COMPILATION_MODE = wholemodule;
				SWIFT_OPTIMIZATION_LEVEL = "-O";
				VALIDATE_PRODUCT = YES;
			};
			name = Release;
		};
		4D5D20D22585928D00A0A453 /* Debug */ = {
			isa = XCBuildConfiguration;
			buildSettings = {
				ASSETCATALOG_COMPILER_APPICON_NAME = AppIcon;
				ASSETCATALOG_COMPILER_GLOBAL_ACCENT_COLOR_NAME = AccentColor;
				CODE_SIGN_STYLE = Automatic;
				CURRENT_PROJECT_VERSION = 0;
				DEVELOPMENT_TEAM = TTSKDZ455K;
				INFOPLIST_FILE = Nearby/Info.plist;
				LD_RUNPATH_SEARCH_PATHS = (
					"$(inherited)",
					"@executable_path/Frameworks",
				);
				MARKETING_VERSION = 1.0;
				PRODUCT_BUNDLE_IDENTIFIER = com.thiagocenturion.Nearby;
				PRODUCT_NAME = "$(TARGET_NAME)";
				SWIFT_VERSION = 5.0;
				TARGETED_DEVICE_FAMILY = 1;
			};
			name = Debug;
		};
		4D5D20D32585928D00A0A453 /* Release */ = {
			isa = XCBuildConfiguration;
			buildSettings = {
				ASSETCATALOG_COMPILER_APPICON_NAME = AppIcon;
				ASSETCATALOG_COMPILER_GLOBAL_ACCENT_COLOR_NAME = AccentColor;
				CODE_SIGN_STYLE = Automatic;
				CURRENT_PROJECT_VERSION = 0;
				DEVELOPMENT_TEAM = TTSKDZ455K;
				INFOPLIST_FILE = Nearby/Info.plist;
				LD_RUNPATH_SEARCH_PATHS = (
					"$(inherited)",
					"@executable_path/Frameworks",
				);
				MARKETING_VERSION = 1.0;
				PRODUCT_BUNDLE_IDENTIFIER = com.thiagocenturion.Nearby;
				PRODUCT_NAME = "$(TARGET_NAME)";
				SWIFT_VERSION = 5.0;
				TARGETED_DEVICE_FAMILY = 1;
			};
			name = Release;
		};
		4D5D20D52585928D00A0A453 /* Debug */ = {
			isa = XCBuildConfiguration;
			buildSettings = {
				ALWAYS_EMBED_SWIFT_STANDARD_LIBRARIES = YES;
				BUNDLE_LOADER = "$(TEST_HOST)";
				CODE_SIGN_STYLE = Automatic;
				DEVELOPMENT_TEAM = TTSKDZ455K;
				INFOPLIST_FILE = NearbyTests/Info.plist;
				IPHONEOS_DEPLOYMENT_TARGET = 14.2;
				LD_RUNPATH_SEARCH_PATHS = (
					"$(inherited)",
					"@executable_path/Frameworks",
					"@loader_path/Frameworks",
				);
				PRODUCT_BUNDLE_IDENTIFIER = com.thiagocenturion.NearbyTests;
				PRODUCT_NAME = "$(TARGET_NAME)";
				SWIFT_VERSION = 5.0;
				TARGETED_DEVICE_FAMILY = "1,2";
				TEST_HOST = "$(BUILT_PRODUCTS_DIR)/Nearby.app/Nearby";
			};
			name = Debug;
		};
		4D5D20D62585928D00A0A453 /* Release */ = {
			isa = XCBuildConfiguration;
			buildSettings = {
				ALWAYS_EMBED_SWIFT_STANDARD_LIBRARIES = YES;
				BUNDLE_LOADER = "$(TEST_HOST)";
				CODE_SIGN_STYLE = Automatic;
				DEVELOPMENT_TEAM = TTSKDZ455K;
				INFOPLIST_FILE = NearbyTests/Info.plist;
				IPHONEOS_DEPLOYMENT_TARGET = 14.2;
				LD_RUNPATH_SEARCH_PATHS = (
					"$(inherited)",
					"@executable_path/Frameworks",
					"@loader_path/Frameworks",
				);
				PRODUCT_BUNDLE_IDENTIFIER = com.thiagocenturion.NearbyTests;
				PRODUCT_NAME = "$(TARGET_NAME)";
				SWIFT_VERSION = 5.0;
				TARGETED_DEVICE_FAMILY = "1,2";
				TEST_HOST = "$(BUILT_PRODUCTS_DIR)/Nearby.app/Nearby";
			};
			name = Release;
		};
		4D5D20D82585928D00A0A453 /* Debug */ = {
			isa = XCBuildConfiguration;
			buildSettings = {
				ALWAYS_EMBED_SWIFT_STANDARD_LIBRARIES = YES;
				CODE_SIGN_STYLE = Automatic;
				DEVELOPMENT_TEAM = TTSKDZ455K;
				INFOPLIST_FILE = NearbyUITests/Info.plist;
				LD_RUNPATH_SEARCH_PATHS = (
					"$(inherited)",
					"@executable_path/Frameworks",
					"@loader_path/Frameworks",
				);
				PRODUCT_BUNDLE_IDENTIFIER = com.thiagocenturion.NearbyUITests;
				PRODUCT_NAME = "$(TARGET_NAME)";
				SWIFT_VERSION = 5.0;
				TARGETED_DEVICE_FAMILY = "1,2";
				TEST_TARGET_NAME = Nearby;
			};
			name = Debug;
		};
		4D5D20D92585928D00A0A453 /* Release */ = {
			isa = XCBuildConfiguration;
			buildSettings = {
				ALWAYS_EMBED_SWIFT_STANDARD_LIBRARIES = YES;
				CODE_SIGN_STYLE = Automatic;
				DEVELOPMENT_TEAM = TTSKDZ455K;
				INFOPLIST_FILE = NearbyUITests/Info.plist;
				LD_RUNPATH_SEARCH_PATHS = (
					"$(inherited)",
					"@executable_path/Frameworks",
					"@loader_path/Frameworks",
				);
				PRODUCT_BUNDLE_IDENTIFIER = com.thiagocenturion.NearbyUITests;
				PRODUCT_NAME = "$(TARGET_NAME)";
				SWIFT_VERSION = 5.0;
				TARGETED_DEVICE_FAMILY = "1,2";
				TEST_TARGET_NAME = Nearby;
			};
			name = Release;
		};
/* End XCBuildConfiguration section */

/* Begin XCConfigurationList section */
		4D5D20A22585928B00A0A453 /* Build configuration list for PBXProject "Nearby" */ = {
			isa = XCConfigurationList;
			buildConfigurations = (
				4D5D20CF2585928D00A0A453 /* Debug */,
				4D5D20D02585928D00A0A453 /* Release */,
			);
			defaultConfigurationIsVisible = 0;
			defaultConfigurationName = Release;
		};
		4D5D20D12585928D00A0A453 /* Build configuration list for PBXNativeTarget "Nearby" */ = {
			isa = XCConfigurationList;
			buildConfigurations = (
				4D5D20D22585928D00A0A453 /* Debug */,
				4D5D20D32585928D00A0A453 /* Release */,
			);
			defaultConfigurationIsVisible = 0;
			defaultConfigurationName = Release;
		};
		4D5D20D42585928D00A0A453 /* Build configuration list for PBXNativeTarget "NearbyTests" */ = {
			isa = XCConfigurationList;
			buildConfigurations = (
				4D5D20D52585928D00A0A453 /* Debug */,
				4D5D20D62585928D00A0A453 /* Release */,
			);
			defaultConfigurationIsVisible = 0;
			defaultConfigurationName = Release;
		};
		4D5D20D72585928D00A0A453 /* Build configuration list for PBXNativeTarget "NearbyUITests" */ = {
			isa = XCConfigurationList;
			buildConfigurations = (
				4D5D20D82585928D00A0A453 /* Debug */,
				4D5D20D92585928D00A0A453 /* Release */,
			);
			defaultConfigurationIsVisible = 0;
			defaultConfigurationName = Release;
		};
/* End XCConfigurationList section */

/* Begin XCRemoteSwiftPackageReference section */
		4D1472782585B0340006C3CE /* XCRemoteSwiftPackageReference "SwiftyJSON" */ = {
			isa = XCRemoteSwiftPackageReference;
			repositoryURL = "https://github.com/SwiftyJSON/SwiftyJSON.git";
			requirement = {
				kind = upToNextMajorVersion;
				minimumVersion = 5.0.0;
			};
		};
		4D3004282585BE7C00782708 /* XCRemoteSwiftPackageReference "RxSwift" */ = {
			isa = XCRemoteSwiftPackageReference;
			repositoryURL = "https://github.com/ReactiveX/RxSwift.git";
			requirement = {
				kind = exactVersion;
				version = "6.0.0-rc.2";
			};
		};
/* End XCRemoteSwiftPackageReference section */

/* Begin XCSwiftPackageProductDependency section */
		4D1472792585B0340006C3CE /* SwiftyJSON */ = {
			isa = XCSwiftPackageProductDependency;
			package = 4D1472782585B0340006C3CE /* XCRemoteSwiftPackageReference "SwiftyJSON" */;
			productName = SwiftyJSON;
		};
		4D3004292585BE7C00782708 /* RxSwift */ = {
			isa = XCSwiftPackageProductDependency;
			package = 4D3004282585BE7C00782708 /* XCRemoteSwiftPackageReference "RxSwift" */;
			productName = RxSwift;
		};
		4D30042B2585BE7C00782708 /* RxTest */ = {
			isa = XCSwiftPackageProductDependency;
			package = 4D3004282585BE7C00782708 /* XCRemoteSwiftPackageReference "RxSwift" */;
			productName = RxTest;
		};
		4D30042D2585BE7C00782708 /* RxRelay */ = {
			isa = XCSwiftPackageProductDependency;
			package = 4D3004282585BE7C00782708 /* XCRemoteSwiftPackageReference "RxSwift" */;
			productName = RxRelay;
		};
		4D30042F2585BE7C00782708 /* RxCocoa */ = {
			isa = XCSwiftPackageProductDependency;
			package = 4D3004282585BE7C00782708 /* XCRemoteSwiftPackageReference "RxSwift" */;
			productName = RxCocoa;
		};
		4D3004312585BE7C00782708 /* RxBlocking */ = {
			isa = XCSwiftPackageProductDependency;
			package = 4D3004282585BE7C00782708 /* XCRemoteSwiftPackageReference "RxSwift" */;
			productName = RxBlocking;
		};
/* End XCSwiftPackageProductDependency section */
	};
	rootObject = 4D5D209F2585928B00A0A453 /* Project object */;
}
